
Microsoft Visual Studio Solution File, Format Version 11.00
# Visual Studio 2010
Project("{2150E333-8FDC-42A3-9474-1A3956D46DE8}") = "Data Relay", "Data Relay", "{40F105F4-6BE2-4BC5-9FDC-43AEB3C83257}"
EndProject
Project("{2150E333-8FDC-42A3-9474-1A3956D46DE8}") = "Socket Transport", "Socket Transport", "{873ED04F-AD21-4643-9B14-6E3AC68E3380}"
EndProject
Project("{2150E333-8FDC-42A3-9474-1A3956D46DE8}") = "Server", "Server", "{E05934F1-EB24-4B85-B42D-145954297333}"
EndProject
Project("{2150E333-8FDC-42A3-9474-1A3956D46DE8}") = "BerkelyDb", "BerkelyDb", "{E167E915-E47F-4A40-B13C-2CD2ECF0A3F6}"
EndProject
Project("{2150E333-8FDC-42A3-9474-1A3956D46DE8}") = "Components", "Components", "{3C035D25-DB94-41A2-830F-349205B44D6C}"
EndProject
Project("{2150E333-8FDC-42A3-9474-1A3956D46DE8}") = "Support Libraries", "Support Libraries", "{60E182C6-1040-4736-8288-7188973AF6DB}"
EndProject
Project("{2150E333-8FDC-42A3-9474-1A3956D46DE8}") = "Solution Items", "Solution Items", "{1847994B-C07B-4AF9-92EB-0D1143AD6B2E}"
	ProjectSection(SolutionItems) = preProject
		Infrastructure\BerkeleyDb\BerkeleyDb.Wrapper\LibDb.Debug\libdb47.Debug.win32.dll = Infrastructure\BerkeleyDb\BerkeleyDb.Wrapper\LibDb.Debug\libdb47.Debug.win32.dll
		Infrastructure\BerkeleyDb\BerkeleyDb.Wrapper\LibDb.Debug\libdb47.Debug.win32.exp = Infrastructure\BerkeleyDb\BerkeleyDb.Wrapper\LibDb.Debug\libdb47.Debug.win32.exp
		Infrastructure\BerkeleyDb\BerkeleyDb.Wrapper\LibDb.Debug\libdb47.Debug.win32.lib = Infrastructure\BerkeleyDb\BerkeleyDb.Wrapper\LibDb.Debug\libdb47.Debug.win32.lib
		Infrastructure\BerkeleyDb\BerkeleyDb.Wrapper\LibDb.Debug\libdb47.Debug.win32.pdb = Infrastructure\BerkeleyDb\BerkeleyDb.Wrapper\LibDb.Debug\libdb47.Debug.win32.pdb
		Infrastructure\BerkeleyDb\BerkeleyDb.Wrapper\LibDb.Debug\libdb47.Debug.x64.dll = Infrastructure\BerkeleyDb\BerkeleyDb.Wrapper\LibDb.Debug\libdb47.Debug.x64.dll
		Infrastructure\BerkeleyDb\BerkeleyDb.Wrapper\LibDb.Debug\libdb47.Debug.x64.exp = Infrastructure\BerkeleyDb\BerkeleyDb.Wrapper\LibDb.Debug\libdb47.Debug.x64.exp
		Infrastructure\BerkeleyDb\BerkeleyDb.Wrapper\LibDb.Debug\libdb47.Debug.x64.lib = Infrastructure\BerkeleyDb\BerkeleyDb.Wrapper\LibDb.Debug\libdb47.Debug.x64.lib
		Infrastructure\BerkeleyDb\BerkeleyDb.Wrapper\LibDb.Debug\libdb47.Debug.x64.pdb = Infrastructure\BerkeleyDb\BerkeleyDb.Wrapper\LibDb.Debug\libdb47.Debug.x64.pdb
		Infrastructure\BerkeleyDb\BerkeleyDb.Wrapper\LibDb\libdb47.win32.dll = Infrastructure\BerkeleyDb\BerkeleyDb.Wrapper\LibDb\libdb47.win32.dll
		Infrastructure\BerkeleyDb\BerkeleyDb.Wrapper\LibDb\libdb47.win32.exp = Infrastructure\BerkeleyDb\BerkeleyDb.Wrapper\LibDb\libdb47.win32.exp
		Infrastructure\BerkeleyDb\BerkeleyDb.Wrapper\LibDb\libdb47.win32.lib = Infrastructure\BerkeleyDb\BerkeleyDb.Wrapper\LibDb\libdb47.win32.lib
		Infrastructure\BerkeleyDb\BerkeleyDb.Wrapper\LibDb\libdb47.win32.pdb = Infrastructure\BerkeleyDb\BerkeleyDb.Wrapper\LibDb\libdb47.win32.pdb
		Infrastructure\BerkeleyDb\BerkeleyDb.Wrapper\LibDb\libdb47.x64.dll = Infrastructure\BerkeleyDb\BerkeleyDb.Wrapper\LibDb\libdb47.x64.dll
		Infrastructure\BerkeleyDb\BerkeleyDb.Wrapper\LibDb\libdb47.x64.exp = Infrastructure\BerkeleyDb\BerkeleyDb.Wrapper\LibDb\libdb47.x64.exp
		Infrastructure\BerkeleyDb\BerkeleyDb.Wrapper\LibDb\libdb47.x64.lib = Infrastructure\BerkeleyDb\BerkeleyDb.Wrapper\LibDb\libdb47.x64.lib
		Infrastructure\BerkeleyDb\BerkeleyDb.Wrapper\LibDb\libdb47.x64.pdb = Infrastructure\BerkeleyDb\BerkeleyDb.Wrapper\LibDb\libdb47.x64.pdb
	EndProjectSection
EndProject
Project("{FAE04EC0-301F-11D3-BF4B-00C04F79EFBC}") = "DataRelay.Common", "Infrastructure\DataRelay\DataRelay.Common\DataRelay.Common.csproj", "{96D6B431-2895-4C2D-A9B3-2F96655F8C5F}"
	ProjectSection(ProjectDependencies) = postProject
		{A7168E1C-2A56-44BE-80C3-342B4A0EFC09} = {A7168E1C-2A56-44BE-80C3-342B4A0EFC09}
		{4331D056-5130-4E93-9318-6B406E4CAF7F} = {4331D056-5130-4E93-9318-6B406E4CAF7F}
		{919B42A5-AB36-4D9F-91BF-BB6D88117903} = {919B42A5-AB36-4D9F-91BF-BB6D88117903}
	EndProjectSection
EndProject
Project("{FAE04EC0-301F-11D3-BF4B-00C04F79EFBC}") = "Logging", "Core\Logging\Logging.csproj", "{919B42A5-AB36-4D9F-91BF-BB6D88117903}"
EndProject
Project("{FAE04EC0-301F-11D3-BF4B-00C04F79EFBC}") = "DataRelay.NodeFactory", "Infrastructure\DataRelay\DataRelay.NodeFactory\DataRelay.NodeFactory.csproj", "{A7168E1C-2A56-44BE-80C3-342B4A0EFC09}"
	ProjectSection(ProjectDependencies) = postProject
		{919B42A5-AB36-4D9F-91BF-BB6D88117903} = {919B42A5-AB36-4D9F-91BF-BB6D88117903}
	EndProjectSection
EndProject
Project("{FAE04EC0-301F-11D3-BF4B-00C04F79EFBC}") = "DataRelay.Client", "Infrastructure\DataRelay\DataRelay.Client\DataRelay.Client.csproj", "{9EAF04E0-5DB7-4FBD-A23C-B4C93DA1AE63}"
	ProjectSection(ProjectDependencies) = postProject
		{005F9115-4B6E-4B2E-B34B-EE110328AF2F} = {005F9115-4B6E-4B2E-B34B-EE110328AF2F}
		{A7168E1C-2A56-44BE-80C3-342B4A0EFC09} = {A7168E1C-2A56-44BE-80C3-342B4A0EFC09}
		{96D6B431-2895-4C2D-A9B3-2F96655F8C5F} = {96D6B431-2895-4C2D-A9B3-2F96655F8C5F}
		{4331D056-5130-4E93-9318-6B406E4CAF7F} = {4331D056-5130-4E93-9318-6B406E4CAF7F}
		{919B42A5-AB36-4D9F-91BF-BB6D88117903} = {919B42A5-AB36-4D9F-91BF-BB6D88117903}
		{83C780D4-F1CA-487A-AB8F-4987EE88380B} = {83C780D4-F1CA-487A-AB8F-4987EE88380B}
		{599F57F2-51FF-4942-9A33-CECC5B40C77A} = {599F57F2-51FF-4942-9A33-CECC5B40C77A}
	EndProjectSection
EndProject
Project("{FAE04EC0-301F-11D3-BF4B-00C04F79EFBC}") = "Client", "Infrastructure\SocketTransport\Client\Client.csproj", "{005F9115-4B6E-4B2E-B34B-EE110328AF2F}"
	ProjectSection(ProjectDependencies) = postProject
		{4331D056-5130-4E93-9318-6B406E4CAF7F} = {4331D056-5130-4E93-9318-6B406E4CAF7F}
		{919B42A5-AB36-4D9F-91BF-BB6D88117903} = {919B42A5-AB36-4D9F-91BF-BB6D88117903}
		{83C780D4-F1CA-487A-AB8F-4987EE88380B} = {83C780D4-F1CA-487A-AB8F-4987EE88380B}
	EndProjectSection
EndProject
Project("{FAE04EC0-301F-11D3-BF4B-00C04F79EFBC}") = "ResourcePool", "Core\ResourcePool\ResourcePool.csproj", "{83C780D4-F1CA-487A-AB8F-4987EE88380B}"
	ProjectSection(ProjectDependencies) = postProject
		{4331D056-5130-4E93-9318-6B406E4CAF7F} = {4331D056-5130-4E93-9318-6B406E4CAF7F}
	EndProjectSection
EndProject
Project("{FAE04EC0-301F-11D3-BF4B-00C04F79EFBC}") = "RelayComponent.Forwarding", "Infrastructure\DataRelay\RelayComponent.Forwarding\RelayComponent.Forwarding.csproj", "{74FE2ACF-763C-483B-BF5D-673A807F7E17}"
	ProjectSection(ProjectDependencies) = postProject
		{4331D056-5130-4E93-9318-6B406E4CAF7F} = {4331D056-5130-4E93-9318-6B406E4CAF7F}
		{919B42A5-AB36-4D9F-91BF-BB6D88117903} = {919B42A5-AB36-4D9F-91BF-BB6D88117903}
		{83C780D4-F1CA-487A-AB8F-4987EE88380B} = {83C780D4-F1CA-487A-AB8F-4987EE88380B}
	EndProjectSection
EndProject
Project("{FAE04EC0-301F-11D3-BF4B-00C04F79EFBC}") = "DataRelay.Transports.Socket", "Infrastructure\DataRelay\DataRelay.Transports.Socket\DataRelay.Transports.Socket.csproj", "{8EE6155E-AD75-4D62-9E74-945E27565698}"
	ProjectSection(ProjectDependencies) = postProject
		{005F9115-4B6E-4B2E-B34B-EE110328AF2F} = {005F9115-4B6E-4B2E-B34B-EE110328AF2F}
		{4331D056-5130-4E93-9318-6B406E4CAF7F} = {4331D056-5130-4E93-9318-6B406E4CAF7F}
		{418EE160-F489-40A9-B108-A2E15F4C33B0} = {418EE160-F489-40A9-B108-A2E15F4C33B0}
		{919B42A5-AB36-4D9F-91BF-BB6D88117903} = {919B42A5-AB36-4D9F-91BF-BB6D88117903}
		{83C780D4-F1CA-487A-AB8F-4987EE88380B} = {83C780D4-F1CA-487A-AB8F-4987EE88380B}
	EndProjectSection
EndProject
Project("{FAE04EC0-301F-11D3-BF4B-00C04F79EFBC}") = "AsyncClient", "Infrastructure\SocketTransport\AsyncClient\AsyncClient.csproj", "{418EE160-F489-40A9-B108-A2E15F4C33B0}"
	ProjectSection(ProjectDependencies) = postProject
		{4331D056-5130-4E93-9318-6B406E4CAF7F} = {4331D056-5130-4E93-9318-6B406E4CAF7F}
		{919B42A5-AB36-4D9F-91BF-BB6D88117903} = {919B42A5-AB36-4D9F-91BF-BB6D88117903}
	EndProjectSection
EndProject
Project("{FAE04EC0-301F-11D3-BF4B-00C04F79EFBC}") = "Common", "Infrastructure\SocketTransport\Common\Common.csproj", "{95B832D2-E37D-4379-8568-D9296A82DB26}"
	ProjectSection(ProjectDependencies) = postProject
		{4331D056-5130-4E93-9318-6B406E4CAF7F} = {4331D056-5130-4E93-9318-6B406E4CAF7F}
		{919B42A5-AB36-4D9F-91BF-BB6D88117903} = {919B42A5-AB36-4D9F-91BF-BB6D88117903}
		{83C780D4-F1CA-487A-AB8F-4987EE88380B} = {83C780D4-F1CA-487A-AB8F-4987EE88380B}
	EndProjectSection
EndProject
Project("{FAE04EC0-301F-11D3-BF4B-00C04F79EFBC}") = "DataRelay.WindowsService", "Infrastructure\DataRelay\DataRelay.WindowsService\DataRelay.WindowsService.csproj", "{5FADD177-94DA-4D87-A093-AE9ED5E07955}"
	ProjectSection(ProjectDependencies) = postProject
		{919B42A5-AB36-4D9F-91BF-BB6D88117903} = {919B42A5-AB36-4D9F-91BF-BB6D88117903}
	EndProjectSection
EndProject
Project("{FAE04EC0-301F-11D3-BF4B-00C04F79EFBC}") = "DataRelay.Server", "Infrastructure\DataRelay\DataRelay.Server\DataRelay.Server.csproj", "{0E785A6A-A89F-4ECA-8B4B-8904B4E159BE}"
	ProjectSection(ProjectDependencies) = postProject
		{A7168E1C-2A56-44BE-80C3-342B4A0EFC09} = {A7168E1C-2A56-44BE-80C3-342B4A0EFC09}
		{919B42A5-AB36-4D9F-91BF-BB6D88117903} = {919B42A5-AB36-4D9F-91BF-BB6D88117903}
	EndProjectSection
EndProject
Project("{FAE04EC0-301F-11D3-BF4B-00C04F79EFBC}") = "DataRelay.RelayNode", "Infrastructure\DataRelay\DataRelay.RelayNode\DataRelay.RelayNode.csproj", "{FDDB1E6C-4D27-4C59-93B7-46E3DE31A71F}"
	ProjectSection(ProjectDependencies) = postProject
		{A7168E1C-2A56-44BE-80C3-342B4A0EFC09} = {A7168E1C-2A56-44BE-80C3-342B4A0EFC09}
		{4331D056-5130-4E93-9318-6B406E4CAF7F} = {4331D056-5130-4E93-9318-6B406E4CAF7F}
		{D5DC866D-E472-443F-83E4-C01EC15360CF} = {D5DC866D-E472-443F-83E4-C01EC15360CF}
		{919B42A5-AB36-4D9F-91BF-BB6D88117903} = {919B42A5-AB36-4D9F-91BF-BB6D88117903}
	EndProjectSection
EndProject
Project("{FAE04EC0-301F-11D3-BF4B-00C04F79EFBC}") = "DataRelay.Server.Common", "Infrastructure\DataRelay\DataRelay.Server.Common\DataRelay.Server.Common.csproj", "{8F1BA59C-4464-4E76-8F9C-A7AF8B1E1D06}"
	ProjectSection(ProjectDependencies) = postProject
		{4331D056-5130-4E93-9318-6B406E4CAF7F} = {4331D056-5130-4E93-9318-6B406E4CAF7F}
	EndProjectSection
EndProject
Project("{FAE04EC0-301F-11D3-BF4B-00C04F79EFBC}") = "Server", "Infrastructure\SocketTransport\Server\Server.csproj", "{D5DC866D-E472-443F-83E4-C01EC15360CF}"
	ProjectSection(ProjectDependencies) = postProject
		{4331D056-5130-4E93-9318-6B406E4CAF7F} = {4331D056-5130-4E93-9318-6B406E4CAF7F}
		{919B42A5-AB36-4D9F-91BF-BB6D88117903} = {919B42A5-AB36-4D9F-91BF-BB6D88117903}
		{83C780D4-F1CA-487A-AB8F-4987EE88380B} = {83C780D4-F1CA-487A-AB8F-4987EE88380B}
	EndProjectSection
EndProject
Project("{FAE04EC0-301F-11D3-BF4B-00C04F79EFBC}") = "RelayComponent.BerkeleyDb", "Infrastructure\DataRelay\RelayComponent.BerkeleyDb\RelayComponent.BerkeleyDb.csproj", "{07B5031F-1EC5-420E-937C-C4D28C5E71B8}"
	ProjectSection(ProjectDependencies) = postProject
		{A7168E1C-2A56-44BE-80C3-342B4A0EFC09} = {A7168E1C-2A56-44BE-80C3-342B4A0EFC09}
		{96D6B431-2895-4C2D-A9B3-2F96655F8C5F} = {96D6B431-2895-4C2D-A9B3-2F96655F8C5F}
		{4587A437-9408-44A2-8FE8-6DFC2499A07B} = {4587A437-9408-44A2-8FE8-6DFC2499A07B}
		{4331D056-5130-4E93-9318-6B406E4CAF7F} = {4331D056-5130-4E93-9318-6B406E4CAF7F}
		{FDDB1E6C-4D27-4C59-93B7-46E3DE31A71F} = {FDDB1E6C-4D27-4C59-93B7-46E3DE31A71F}
		{919B42A5-AB36-4D9F-91BF-BB6D88117903} = {919B42A5-AB36-4D9F-91BF-BB6D88117903}
		{83C780D4-F1CA-487A-AB8F-4987EE88380B} = {83C780D4-F1CA-487A-AB8F-4987EE88380B}
		{1A8649F3-832B-4C8D-9D13-1ED901DD8DCC} = {1A8649F3-832B-4C8D-9D13-1ED901DD8DCC}
	EndProjectSection
EndProject
Project("{FAE04EC0-301F-11D3-BF4B-00C04F79EFBC}") = "BerkeleyDb.Facade", "Infrastructure\BerkeleyDb\BerkeleyDb.Facade\BerkeleyDb.Facade.csproj", "{4587A437-9408-44A2-8FE8-6DFC2499A07B}"
	ProjectSection(ProjectDependencies) = postProject
		{919B42A5-AB36-4D9F-91BF-BB6D88117903} = {919B42A5-AB36-4D9F-91BF-BB6D88117903}
		{83C780D4-F1CA-487A-AB8F-4987EE88380B} = {83C780D4-F1CA-487A-AB8F-4987EE88380B}
		{1A8649F3-832B-4C8D-9D13-1ED901DD8DCC} = {1A8649F3-832B-4C8D-9D13-1ED901DD8DCC}
	EndProjectSection
EndProject
Project("{FAE04EC0-301F-11D3-BF4B-00C04F79EFBC}") = "Shared", "Core\Shared\Shared.csproj", "{4331D056-5130-4E93-9318-6B406E4CAF7F}"
	ProjectSection(ProjectDependencies) = postProject
		{919B42A5-AB36-4D9F-91BF-BB6D88117903} = {919B42A5-AB36-4D9F-91BF-BB6D88117903}
	EndProjectSection
EndProject
Project("{FAE04EC0-301F-11D3-BF4B-00C04F79EFBC}") = "RelayComponent.CacheIndexV3Storage", "Infrastructure\DataRelay\RelayComponent.CacheIndexV3Storage\RelayComponent.CacheIndexV3Storage.csproj", "{5C5513D3-6995-43C9-AA66-A8C729AE90F7}"
	ProjectSection(ProjectDependencies) = postProject
		{2DFA0B05-429D-4880-AE7F-7BF881E66B13} = {2DFA0B05-429D-4880-AE7F-7BF881E66B13}
		{07B5031F-1EC5-420E-937C-C4D28C5E71B8} = {07B5031F-1EC5-420E-937C-C4D28C5E71B8}
		{4587A437-9408-44A2-8FE8-6DFC2499A07B} = {4587A437-9408-44A2-8FE8-6DFC2499A07B}
		{4331D056-5130-4E93-9318-6B406E4CAF7F} = {4331D056-5130-4E93-9318-6B406E4CAF7F}
		{1A8649F3-832B-4C8D-9D13-1ED901DD8DCC} = {1A8649F3-832B-4C8D-9D13-1ED901DD8DCC}
	EndProjectSection
EndProject
Project("{FAE04EC0-301F-11D3-BF4B-00C04F79EFBC}") = "DataRelay.SimpleConsoleClient", "Infrastructure\DataRelay\DataRelay.SimpleConsoleClient\DataRelay.SimpleConsoleClient.csproj", "{7D766853-DA65-499C-A6FD-9CE8F1338CCB}"
	ProjectSection(ProjectDependencies) = postProject
		{96D6B431-2895-4C2D-A9B3-2F96655F8C5F} = {96D6B431-2895-4C2D-A9B3-2F96655F8C5F}
		{4331D056-5130-4E93-9318-6B406E4CAF7F} = {4331D056-5130-4E93-9318-6B406E4CAF7F}
		{9EAF04E0-5DB7-4FBD-A23C-B4C93DA1AE63} = {9EAF04E0-5DB7-4FBD-A23C-B4C93DA1AE63}
	EndProjectSection
EndProject
Project("{8BC9CEB8-8B4A-11D0-8D11-00A0C91BC942}") = "BerkeleyDb.Wrapper", "Infrastructure\BerkeleyDb\BerkeleyDb.Wrapper\BerkeleyDb.Wrapper.vcxproj", "{1A8649F3-832B-4C8D-9D13-1ED901DD8DCC}"
	ProjectSection(ProjectDependencies) = postProject
		{2DFA0B05-429D-4880-AE7F-7BF881E66B13} = {2DFA0B05-429D-4880-AE7F-7BF881E66B13}
	EndProjectSection
EndProject
Project("{FAE04EC0-301F-11D3-BF4B-00C04F79EFBC}") = "BerkeleyDb.Wrapper.Common", "Infrastructure\BerkeleyDb\BerkeleyDb.Wrapper.Common\BerkeleyDb.Wrapper.Common.csproj", "{2DFA0B05-429D-4880-AE7F-7BF881E66B13}"
EndProject
Project("{FAE04EC0-301F-11D3-BF4B-00C04F79EFBC}") = "RelayComponent.FlexForwarding", "Infrastructure\DataRelay\RelayComponent.FlexForwarding\RelayComponent.FlexForwarding.csproj", "{75741793-B468-460A-AE3E-058BEA48533B}"
	ProjectSection(ProjectDependencies) = postProject
		{A7168E1C-2A56-44BE-80C3-342B4A0EFC09} = {A7168E1C-2A56-44BE-80C3-342B4A0EFC09}
		{4331D056-5130-4E93-9318-6B406E4CAF7F} = {4331D056-5130-4E93-9318-6B406E4CAF7F}
		{4BEE4E6A-BF30-478E-9BF0-53062664054C} = {4BEE4E6A-BF30-478E-9BF0-53062664054C}
		{919B42A5-AB36-4D9F-91BF-BB6D88117903} = {919B42A5-AB36-4D9F-91BF-BB6D88117903}
		{95B832D2-E37D-4379-8568-D9296A82DB26} = {95B832D2-E37D-4379-8568-D9296A82DB26}
	EndProjectSection
EndProject
Project("{FAE04EC0-301F-11D3-BF4B-00C04F79EFBC}") = "MySpace.Storage", "Core\MySpace.Storage\MySpace.Storage.csproj", "{599F57F2-51FF-4942-9A33-CECC5B40C77A}"
	ProjectSection(ProjectDependencies) = postProject
		{4331D056-5130-4E93-9318-6B406E4CAF7F} = {4331D056-5130-4E93-9318-6B406E4CAF7F}
		{919B42A5-AB36-4D9F-91BF-BB6D88117903} = {919B42A5-AB36-4D9F-91BF-BB6D88117903}
		{83C780D4-F1CA-487A-AB8F-4987EE88380B} = {83C780D4-F1CA-487A-AB8F-4987EE88380B}
	EndProjectSection
EndProject
Project("{FAE04EC0-301F-11D3-BF4B-00C04F79EFBC}") = "PerfCounters", "Core\PerfCounters\PerfCounters.csproj", "{4BEE4E6A-BF30-478E-9BF0-53062664054C}"
EndProject
Global
	GlobalSection(TeamFoundationVersionControl) = preSolution
		SccNumberOfProjects = 25
		SccEnterpriseProvider = {4CA58AB2-18FA-4F8D-95D4-32DDF27D184C}
		SccTeamFoundationServer = https://tfs.codeplex.com/tfs/tfs05
		SccLocalPath0 = .
		SccProjectUniqueName1 = Infrastructure\\DataRelay\\DataRelay.Common\\DataRelay.Common.csproj
		SccProjectTopLevelParentUniqueName1 = DataRelay-OpenSource.sln
		SccProjectName1 = Infrastructure/DataRelay/DataRelay.Common
		SccLocalPath1 = Infrastructure\\DataRelay\\DataRelay.Common
		SccProjectUniqueName2 = Core\\Logging\\Logging.csproj
		SccProjectTopLevelParentUniqueName2 = DataRelay-OpenSource.sln
		SccProjectName2 = Core/Logging
		SccLocalPath2 = Core\\Logging
		SccProjectUniqueName3 = Infrastructure\\DataRelay\\DataRelay.NodeFactory\\DataRelay.NodeFactory.csproj
		SccProjectTopLevelParentUniqueName3 = DataRelay-OpenSource.sln
		SccProjectName3 = Infrastructure/DataRelay/DataRelay.NodeFactory
		SccLocalPath3 = Infrastructure\\DataRelay\\DataRelay.NodeFactory
		SccProjectUniqueName4 = Infrastructure\\DataRelay\\DataRelay.Client\\DataRelay.Client.csproj
		SccProjectTopLevelParentUniqueName4 = DataRelay-OpenSource.sln
		SccProjectName4 = Infrastructure/DataRelay/DataRelay.Client
		SccLocalPath4 = Infrastructure\\DataRelay\\DataRelay.Client
		SccProjectUniqueName5 = Infrastructure\\SocketTransport\\Client\\Client.csproj
		SccProjectTopLevelParentUniqueName5 = DataRelay-OpenSource.sln
		SccProjectName5 = Infrastructure/SocketTransport/Client
		SccLocalPath5 = Infrastructure\\SocketTransport\\Client
		SccProjectUniqueName6 = Core\\ResourcePool\\ResourcePool.csproj
		SccProjectTopLevelParentUniqueName6 = DataRelay-OpenSource.sln
		SccProjectName6 = Core/ResourcePool
		SccLocalPath6 = Core\\ResourcePool
		SccProjectUniqueName7 = Infrastructure\\DataRelay\\RelayComponent.Forwarding\\RelayComponent.Forwarding.csproj
		SccProjectTopLevelParentUniqueName7 = DataRelay-OpenSource.sln
		SccProjectName7 = Infrastructure/DataRelay/RelayComponent.Forwarding
		SccLocalPath7 = Infrastructure\\DataRelay\\RelayComponent.Forwarding
		SccProjectUniqueName8 = Infrastructure\\DataRelay\\DataRelay.Transports.Socket\\DataRelay.Transports.Socket.csproj
		SccProjectTopLevelParentUniqueName8 = DataRelay-OpenSource.sln
		SccProjectName8 = Infrastructure/DataRelay/DataRelay.Transports.Socket
		SccLocalPath8 = Infrastructure\\DataRelay\\DataRelay.Transports.Socket
		SccProjectUniqueName9 = Infrastructure\\SocketTransport\\AsyncClient\\AsyncClient.csproj
		SccProjectTopLevelParentUniqueName9 = DataRelay-OpenSource.sln
		SccProjectName9 = Infrastructure/SocketTransport/AsyncClient
		SccLocalPath9 = Infrastructure\\SocketTransport\\AsyncClient
		SccProjectUniqueName10 = Infrastructure\\SocketTransport\\Common\\Common.csproj
		SccProjectTopLevelParentUniqueName10 = DataRelay-OpenSource.sln
		SccProjectName10 = Infrastructure/SocketTransport/Common
		SccLocalPath10 = Infrastructure\\SocketTransport\\Common
		SccProjectUniqueName11 = Infrastructure\\DataRelay\\DataRelay.WindowsService\\DataRelay.WindowsService.csproj
		SccProjectTopLevelParentUniqueName11 = DataRelay-OpenSource.sln
		SccProjectName11 = Infrastructure/DataRelay/DataRelay.WindowsService
		SccLocalPath11 = Infrastructure\\DataRelay\\DataRelay.WindowsService
		SccProjectUniqueName12 = Infrastructure\\DataRelay\\DataRelay.Server\\DataRelay.Server.csproj
		SccProjectTopLevelParentUniqueName12 = DataRelay-OpenSource.sln
		SccProjectName12 = Infrastructure/DataRelay/DataRelay.Server
		SccLocalPath12 = Infrastructure\\DataRelay\\DataRelay.Server
		SccProjectUniqueName13 = Infrastructure\\DataRelay\\DataRelay.RelayNode\\DataRelay.RelayNode.csproj
		SccProjectTopLevelParentUniqueName13 = DataRelay-OpenSource.sln
		SccProjectName13 = Infrastructure/DataRelay/DataRelay.RelayNode
		SccLocalPath13 = Infrastructure\\DataRelay\\DataRelay.RelayNode
		SccProjectUniqueName14 = Infrastructure\\DataRelay\\DataRelay.Server.Common\\DataRelay.Server.Common.csproj
		SccProjectTopLevelParentUniqueName14 = DataRelay-OpenSource.sln
		SccProjectName14 = Infrastructure/DataRelay/DataRelay.Server.Common
		SccLocalPath14 = Infrastructure\\DataRelay\\DataRelay.Server.Common
		SccProjectUniqueName15 = Infrastructure\\SocketTransport\\Server\\Server.csproj
		SccProjectTopLevelParentUniqueName15 = DataRelay-OpenSource.sln
		SccProjectName15 = Infrastructure/SocketTransport/Server
		SccLocalPath15 = Infrastructure\\SocketTransport\\Server
		SccProjectUniqueName16 = Infrastructure\\DataRelay\\RelayComponent.BerkeleyDb\\RelayComponent.BerkeleyDb.csproj
		SccProjectTopLevelParentUniqueName16 = DataRelay-OpenSource.sln
		SccProjectName16 = Infrastructure/DataRelay/RelayComponent.BerkeleyDb
		SccLocalPath16 = Infrastructure\\DataRelay\\RelayComponent.BerkeleyDb
		SccProjectUniqueName17 = Infrastructure\\BerkeleyDb\\BerkeleyDb.Facade\\BerkeleyDb.Facade.csproj
		SccProjectTopLevelParentUniqueName17 = DataRelay-OpenSource.sln
		SccProjectName17 = Infrastructure/BerkeleyDb/BerkeleyDb.Facade
		SccLocalPath17 = Infrastructure\\BerkeleyDb\\BerkeleyDb.Facade
		SccProjectUniqueName18 = Core\\Shared\\Shared.csproj
		SccProjectTopLevelParentUniqueName18 = DataRelay-OpenSource.sln
		SccProjectName18 = Core/Shared
		SccLocalPath18 = Core\\Shared
		SccProjectUniqueName19 = Infrastructure\\DataRelay\\RelayComponent.CacheIndexV3Storage\\RelayComponent.CacheIndexV3Storage.csproj
		SccProjectTopLevelParentUniqueName19 = DataRelay-OpenSource.sln
		SccProjectName19 = Infrastructure/DataRelay/RelayComponent.CacheIndexV3Storage
		SccLocalPath19 = Infrastructure\\DataRelay\\RelayComponent.CacheIndexV3Storage
		SccProjectUniqueName20 = Infrastructure\\DataRelay\\DataRelay.SimpleConsoleClient\\DataRelay.SimpleConsoleClient.csproj
		SccProjectTopLevelParentUniqueName20 = DataRelay-OpenSource.sln
		SccProjectName20 = Infrastructure/DataRelay/DataRelay.SimpleConsoleClient
		SccLocalPath20 = Infrastructure\\DataRelay\\DataRelay.SimpleConsoleClient
		SccProjectUniqueName21 = Infrastructure\\BerkeleyDb\\BerkeleyDb.Wrapper\\BerkeleyDb.Wrapper.vcxproj
		SccProjectTopLevelParentUniqueName21 = DataRelay-OpenSource.sln
		SccProjectName21 = Infrastructure/BerkeleyDb/BerkeleyDb.Wrapper
		SccLocalPath21 = Infrastructure\\BerkeleyDb\\BerkeleyDb.Wrapper
		SccProjectUniqueName22 = Infrastructure\\BerkeleyDb\\BerkeleyDb.Wrapper.Common\\BerkeleyDb.Wrapper.Common.csproj
		SccProjectTopLevelParentUniqueName22 = DataRelay-OpenSource.sln
		SccProjectName22 = Infrastructure/BerkeleyDb/BerkeleyDb.Wrapper.Common
		SccLocalPath22 = Infrastructure\\BerkeleyDb\\BerkeleyDb.Wrapper.Common
		SccProjectUniqueName23 = Infrastructure\\DataRelay\\RelayComponent.FlexForwarding\\RelayComponent.FlexForwarding.csproj
		SccProjectTopLevelParentUniqueName23 = DataRelay-OpenSource.sln
		SccProjectName23 = Infrastructure/DataRelay/RelayComponent.FlexForwarding
		SccLocalPath23 = Infrastructure\\DataRelay\\RelayComponent.FlexForwarding
		SccProjectUniqueName24 = Core\\MySpace.Storage\\MySpace.Storage.csproj
		SccProjectTopLevelParentUniqueName24 = DataRelay-OpenSource.sln
		SccProjectName24 = Core/MySpace.Storage
		SccLocalPath24 = Core\\MySpace.Storage
	EndGlobalSection
	GlobalSection(SolutionConfigurationPlatforms) = preSolution
		Debug|Any CPU = Debug|Any CPU
		Debug|Mixed Platforms = Debug|Mixed Platforms
		Debug|Win32 = Debug|Win32
		Debug|x64 = Debug|x64
		Debug|x86 = Debug|x86
		Deploy|Any CPU = Deploy|Any CPU
		Deploy|Mixed Platforms = Deploy|Mixed Platforms
		Deploy|Win32 = Deploy|Win32
		Deploy|x64 = Deploy|x64
		Deploy|x86 = Deploy|x86
		Release|Any CPU = Release|Any CPU
		Release|Mixed Platforms = Release|Mixed Platforms
		Release|Win32 = Release|Win32
		Release|x64 = Release|x64
		Release|x86 = Release|x86
	EndGlobalSection
	GlobalSection(ProjectConfigurationPlatforms) = postSolution
		{96D6B431-2895-4C2D-A9B3-2F96655F8C5F}.Debug|Any CPU.ActiveCfg = Debug|Any CPU
		{96D6B431-2895-4C2D-A9B3-2F96655F8C5F}.Debug|Any CPU.Build.0 = Debug|Any CPU
		{96D6B431-2895-4C2D-A9B3-2F96655F8C5F}.Debug|Mixed Platforms.ActiveCfg = Debug|x64
		{96D6B431-2895-4C2D-A9B3-2F96655F8C5F}.Debug|Mixed Platforms.Build.0 = Debug|x64
		{96D6B431-2895-4C2D-A9B3-2F96655F8C5F}.Debug|Win32.ActiveCfg = Debug|Any CPU
		{96D6B431-2895-4C2D-A9B3-2F96655F8C5F}.Debug|Win32.Build.0 = Debug|Any CPU
		{96D6B431-2895-4C2D-A9B3-2F96655F8C5F}.Debug|x64.ActiveCfg = Debug|x64
		{96D6B431-2895-4C2D-A9B3-2F96655F8C5F}.Debug|x64.Build.0 = Debug|x64
		{96D6B431-2895-4C2D-A9B3-2F96655F8C5F}.Debug|x86.ActiveCfg = Debug|Any CPU
		{96D6B431-2895-4C2D-A9B3-2F96655F8C5F}.Debug|x86.Build.0 = Debug|Any CPU
		{96D6B431-2895-4C2D-A9B3-2F96655F8C5F}.Deploy|Any CPU.ActiveCfg = Deploy|Any CPU
		{96D6B431-2895-4C2D-A9B3-2F96655F8C5F}.Deploy|Any CPU.Build.0 = Deploy|Any CPU
		{96D6B431-2895-4C2D-A9B3-2F96655F8C5F}.Deploy|Mixed Platforms.ActiveCfg = Deploy|x64
		{96D6B431-2895-4C2D-A9B3-2F96655F8C5F}.Deploy|Mixed Platforms.Build.0 = Deploy|x64
		{96D6B431-2895-4C2D-A9B3-2F96655F8C5F}.Deploy|Win32.ActiveCfg = Deploy|x64
		{96D6B431-2895-4C2D-A9B3-2F96655F8C5F}.Deploy|x64.ActiveCfg = Deploy|x64
		{96D6B431-2895-4C2D-A9B3-2F96655F8C5F}.Deploy|x64.Build.0 = Deploy|x64
		{96D6B431-2895-4C2D-A9B3-2F96655F8C5F}.Deploy|x86.ActiveCfg = Deploy|x86
		{96D6B431-2895-4C2D-A9B3-2F96655F8C5F}.Deploy|x86.Build.0 = Deploy|x86
		{96D6B431-2895-4C2D-A9B3-2F96655F8C5F}.Release|Any CPU.ActiveCfg = Release|Any CPU
		{96D6B431-2895-4C2D-A9B3-2F96655F8C5F}.Release|Any CPU.Build.0 = Release|Any CPU
		{96D6B431-2895-4C2D-A9B3-2F96655F8C5F}.Release|Mixed Platforms.ActiveCfg = Release|x64
		{96D6B431-2895-4C2D-A9B3-2F96655F8C5F}.Release|Mixed Platforms.Build.0 = Release|x64
		{96D6B431-2895-4C2D-A9B3-2F96655F8C5F}.Release|Win32.ActiveCfg = Release|Any CPU
		{96D6B431-2895-4C2D-A9B3-2F96655F8C5F}.Release|Win32.Build.0 = Release|Any CPU
		{96D6B431-2895-4C2D-A9B3-2F96655F8C5F}.Release|x64.ActiveCfg = Release|Any CPU
		{96D6B431-2895-4C2D-A9B3-2F96655F8C5F}.Release|x64.Build.0 = Release|Any CPU
		{96D6B431-2895-4C2D-A9B3-2F96655F8C5F}.Release|x86.ActiveCfg = Release|Any CPU
		{96D6B431-2895-4C2D-A9B3-2F96655F8C5F}.Release|x86.Build.0 = Release|Any CPU
		{919B42A5-AB36-4D9F-91BF-BB6D88117903}.Debug|Any CPU.ActiveCfg = Debug|Any CPU
		{919B42A5-AB36-4D9F-91BF-BB6D88117903}.Debug|Any CPU.Build.0 = Debug|Any CPU
		{919B42A5-AB36-4D9F-91BF-BB6D88117903}.Debug|Mixed Platforms.ActiveCfg = Debug|x64
		{919B42A5-AB36-4D9F-91BF-BB6D88117903}.Debug|Mixed Platforms.Build.0 = Debug|x64
		{919B42A5-AB36-4D9F-91BF-BB6D88117903}.Debug|Win32.ActiveCfg = Debug|Any CPU
		{919B42A5-AB36-4D9F-91BF-BB6D88117903}.Debug|Win32.Build.0 = Debug|Any CPU
		{919B42A5-AB36-4D9F-91BF-BB6D88117903}.Debug|x64.ActiveCfg = Debug|Any CPU
		{919B42A5-AB36-4D9F-91BF-BB6D88117903}.Debug|x64.Build.0 = Debug|Any CPU
		{919B42A5-AB36-4D9F-91BF-BB6D88117903}.Debug|x86.ActiveCfg = Debug|Any CPU
		{919B42A5-AB36-4D9F-91BF-BB6D88117903}.Debug|x86.Build.0 = Debug|Any CPU
		{919B42A5-AB36-4D9F-91BF-BB6D88117903}.Deploy|Any CPU.ActiveCfg = Deploy|Any CPU
		{919B42A5-AB36-4D9F-91BF-BB6D88117903}.Deploy|Any CPU.Build.0 = Deploy|Any CPU
		{919B42A5-AB36-4D9F-91BF-BB6D88117903}.Deploy|Mixed Platforms.ActiveCfg = Deploy|x64
		{919B42A5-AB36-4D9F-91BF-BB6D88117903}.Deploy|Mixed Platforms.Build.0 = Deploy|x64
		{919B42A5-AB36-4D9F-91BF-BB6D88117903}.Deploy|Win32.ActiveCfg = Deploy|x64
		{919B42A5-AB36-4D9F-91BF-BB6D88117903}.Deploy|x64.ActiveCfg = Deploy|x64
		{919B42A5-AB36-4D9F-91BF-BB6D88117903}.Deploy|x64.Build.0 = Deploy|x64
		{919B42A5-AB36-4D9F-91BF-BB6D88117903}.Deploy|x86.ActiveCfg = Deploy|x86
		{919B42A5-AB36-4D9F-91BF-BB6D88117903}.Deploy|x86.Build.0 = Deploy|x86
		{919B42A5-AB36-4D9F-91BF-BB6D88117903}.Release|Any CPU.ActiveCfg = Release|Any CPU
		{919B42A5-AB36-4D9F-91BF-BB6D88117903}.Release|Any CPU.Build.0 = Release|Any CPU
		{919B42A5-AB36-4D9F-91BF-BB6D88117903}.Release|Mixed Platforms.ActiveCfg = Release|x64
		{919B42A5-AB36-4D9F-91BF-BB6D88117903}.Release|Mixed Platforms.Build.0 = Release|x64
		{919B42A5-AB36-4D9F-91BF-BB6D88117903}.Release|Win32.ActiveCfg = Release|Any CPU
		{919B42A5-AB36-4D9F-91BF-BB6D88117903}.Release|Win32.Build.0 = Release|Any CPU
		{919B42A5-AB36-4D9F-91BF-BB6D88117903}.Release|x64.ActiveCfg = Release|Any CPU
		{919B42A5-AB36-4D9F-91BF-BB6D88117903}.Release|x64.Build.0 = Release|Any CPU
		{919B42A5-AB36-4D9F-91BF-BB6D88117903}.Release|x86.ActiveCfg = Release|x86
		{919B42A5-AB36-4D9F-91BF-BB6D88117903}.Release|x86.Build.0 = Release|x86
		{A7168E1C-2A56-44BE-80C3-342B4A0EFC09}.Debug|Any CPU.ActiveCfg = Debug|Any CPU
		{A7168E1C-2A56-44BE-80C3-342B4A0EFC09}.Debug|Any CPU.Build.0 = Debug|Any CPU
		{A7168E1C-2A56-44BE-80C3-342B4A0EFC09}.Debug|Mixed Platforms.ActiveCfg = Debug|x64
		{A7168E1C-2A56-44BE-80C3-342B4A0EFC09}.Debug|Mixed Platforms.Build.0 = Debug|x64
		{A7168E1C-2A56-44BE-80C3-342B4A0EFC09}.Debug|Win32.ActiveCfg = Debug|Any CPU
		{A7168E1C-2A56-44BE-80C3-342B4A0EFC09}.Debug|Win32.Build.0 = Debug|Any CPU
		{A7168E1C-2A56-44BE-80C3-342B4A0EFC09}.Debug|x64.ActiveCfg = Debug|x64
		{A7168E1C-2A56-44BE-80C3-342B4A0EFC09}.Debug|x64.Build.0 = Debug|x64
		{A7168E1C-2A56-44BE-80C3-342B4A0EFC09}.Debug|x86.ActiveCfg = Debug|Any CPU
		{A7168E1C-2A56-44BE-80C3-342B4A0EFC09}.Debug|x86.Build.0 = Debug|Any CPU
		{A7168E1C-2A56-44BE-80C3-342B4A0EFC09}.Deploy|Any CPU.ActiveCfg = Deploy|Any CPU
		{A7168E1C-2A56-44BE-80C3-342B4A0EFC09}.Deploy|Any CPU.Build.0 = Deploy|Any CPU
		{A7168E1C-2A56-44BE-80C3-342B4A0EFC09}.Deploy|Mixed Platforms.ActiveCfg = Deploy|x64
		{A7168E1C-2A56-44BE-80C3-342B4A0EFC09}.Deploy|Mixed Platforms.Build.0 = Deploy|x64
		{A7168E1C-2A56-44BE-80C3-342B4A0EFC09}.Deploy|Win32.ActiveCfg = Deploy|x64
		{A7168E1C-2A56-44BE-80C3-342B4A0EFC09}.Deploy|x64.ActiveCfg = Deploy|x64
		{A7168E1C-2A56-44BE-80C3-342B4A0EFC09}.Deploy|x64.Build.0 = Deploy|x64
		{A7168E1C-2A56-44BE-80C3-342B4A0EFC09}.Deploy|x86.ActiveCfg = Deploy|x86
		{A7168E1C-2A56-44BE-80C3-342B4A0EFC09}.Deploy|x86.Build.0 = Deploy|x86
		{A7168E1C-2A56-44BE-80C3-342B4A0EFC09}.Release|Any CPU.ActiveCfg = Release|Any CPU
		{A7168E1C-2A56-44BE-80C3-342B4A0EFC09}.Release|Any CPU.Build.0 = Release|Any CPU
		{A7168E1C-2A56-44BE-80C3-342B4A0EFC09}.Release|Mixed Platforms.ActiveCfg = Release|x64
		{A7168E1C-2A56-44BE-80C3-342B4A0EFC09}.Release|Mixed Platforms.Build.0 = Release|x64
		{A7168E1C-2A56-44BE-80C3-342B4A0EFC09}.Release|Win32.ActiveCfg = Release|Any CPU
		{A7168E1C-2A56-44BE-80C3-342B4A0EFC09}.Release|Win32.Build.0 = Release|Any CPU
		{A7168E1C-2A56-44BE-80C3-342B4A0EFC09}.Release|x64.ActiveCfg = Release|Any CPU
		{A7168E1C-2A56-44BE-80C3-342B4A0EFC09}.Release|x64.Build.0 = Release|Any CPU
		{A7168E1C-2A56-44BE-80C3-342B4A0EFC09}.Release|x86.ActiveCfg = Release|Any CPU
		{A7168E1C-2A56-44BE-80C3-342B4A0EFC09}.Release|x86.Build.0 = Release|Any CPU
		{9EAF04E0-5DB7-4FBD-A23C-B4C93DA1AE63}.Debug|Any CPU.ActiveCfg = Debug|Any CPU
		{9EAF04E0-5DB7-4FBD-A23C-B4C93DA1AE63}.Debug|Any CPU.Build.0 = Debug|Any CPU
		{9EAF04E0-5DB7-4FBD-A23C-B4C93DA1AE63}.Debug|Mixed Platforms.ActiveCfg = Debug|x64
		{9EAF04E0-5DB7-4FBD-A23C-B4C93DA1AE63}.Debug|Mixed Platforms.Build.0 = Debug|x64
		{9EAF04E0-5DB7-4FBD-A23C-B4C93DA1AE63}.Debug|Win32.ActiveCfg = Debug|Any CPU
		{9EAF04E0-5DB7-4FBD-A23C-B4C93DA1AE63}.Debug|Win32.Build.0 = Debug|Any CPU
		{9EAF04E0-5DB7-4FBD-A23C-B4C93DA1AE63}.Debug|x64.ActiveCfg = Debug|x64
		{9EAF04E0-5DB7-4FBD-A23C-B4C93DA1AE63}.Debug|x64.Build.0 = Debug|x64
		{9EAF04E0-5DB7-4FBD-A23C-B4C93DA1AE63}.Debug|x86.ActiveCfg = Debug|Any CPU
		{9EAF04E0-5DB7-4FBD-A23C-B4C93DA1AE63}.Debug|x86.Build.0 = Debug|Any CPU
		{9EAF04E0-5DB7-4FBD-A23C-B4C93DA1AE63}.Deploy|Any CPU.ActiveCfg = Deploy|Any CPU
		{9EAF04E0-5DB7-4FBD-A23C-B4C93DA1AE63}.Deploy|Any CPU.Build.0 = Deploy|Any CPU
		{9EAF04E0-5DB7-4FBD-A23C-B4C93DA1AE63}.Deploy|Mixed Platforms.ActiveCfg = Deploy|x64
		{9EAF04E0-5DB7-4FBD-A23C-B4C93DA1AE63}.Deploy|Mixed Platforms.Build.0 = Deploy|x64
		{9EAF04E0-5DB7-4FBD-A23C-B4C93DA1AE63}.Deploy|Win32.ActiveCfg = Deploy|x64
		{9EAF04E0-5DB7-4FBD-A23C-B4C93DA1AE63}.Deploy|x64.ActiveCfg = Deploy|x64
		{9EAF04E0-5DB7-4FBD-A23C-B4C93DA1AE63}.Deploy|x64.Build.0 = Deploy|x64
		{9EAF04E0-5DB7-4FBD-A23C-B4C93DA1AE63}.Deploy|x86.ActiveCfg = Deploy|x86
		{9EAF04E0-5DB7-4FBD-A23C-B4C93DA1AE63}.Deploy|x86.Build.0 = Deploy|x86
		{9EAF04E0-5DB7-4FBD-A23C-B4C93DA1AE63}.Release|Any CPU.ActiveCfg = Release|Any CPU
		{9EAF04E0-5DB7-4FBD-A23C-B4C93DA1AE63}.Release|Any CPU.Build.0 = Release|Any CPU
		{9EAF04E0-5DB7-4FBD-A23C-B4C93DA1AE63}.Release|Mixed Platforms.ActiveCfg = Release|x64
		{9EAF04E0-5DB7-4FBD-A23C-B4C93DA1AE63}.Release|Mixed Platforms.Build.0 = Release|x64
		{9EAF04E0-5DB7-4FBD-A23C-B4C93DA1AE63}.Release|Win32.ActiveCfg = Release|Any CPU
		{9EAF04E0-5DB7-4FBD-A23C-B4C93DA1AE63}.Release|Win32.Build.0 = Release|Any CPU
		{9EAF04E0-5DB7-4FBD-A23C-B4C93DA1AE63}.Release|x64.ActiveCfg = Release|Any CPU
		{9EAF04E0-5DB7-4FBD-A23C-B4C93DA1AE63}.Release|x64.Build.0 = Release|Any CPU
		{9EAF04E0-5DB7-4FBD-A23C-B4C93DA1AE63}.Release|x86.ActiveCfg = Release|Any CPU
		{9EAF04E0-5DB7-4FBD-A23C-B4C93DA1AE63}.Release|x86.Build.0 = Release|Any CPU
		{005F9115-4B6E-4B2E-B34B-EE110328AF2F}.Debug|Any CPU.ActiveCfg = Debug|Any CPU
		{005F9115-4B6E-4B2E-B34B-EE110328AF2F}.Debug|Any CPU.Build.0 = Debug|Any CPU
		{005F9115-4B6E-4B2E-B34B-EE110328AF2F}.Debug|Mixed Platforms.ActiveCfg = Debug|x64
		{005F9115-4B6E-4B2E-B34B-EE110328AF2F}.Debug|Mixed Platforms.Build.0 = Debug|x64
		{005F9115-4B6E-4B2E-B34B-EE110328AF2F}.Debug|Win32.ActiveCfg = Debug|Any CPU
		{005F9115-4B6E-4B2E-B34B-EE110328AF2F}.Debug|Win32.Build.0 = Debug|Any CPU
		{005F9115-4B6E-4B2E-B34B-EE110328AF2F}.Debug|x64.ActiveCfg = Debug|x64
		{005F9115-4B6E-4B2E-B34B-EE110328AF2F}.Debug|x64.Build.0 = Debug|x64
		{005F9115-4B6E-4B2E-B34B-EE110328AF2F}.Debug|x86.ActiveCfg = Debug|Any CPU
		{005F9115-4B6E-4B2E-B34B-EE110328AF2F}.Debug|x86.Build.0 = Debug|Any CPU
		{005F9115-4B6E-4B2E-B34B-EE110328AF2F}.Deploy|Any CPU.ActiveCfg = Debug|x64
		{005F9115-4B6E-4B2E-B34B-EE110328AF2F}.Deploy|Mixed Platforms.ActiveCfg = Debug|x64
		{005F9115-4B6E-4B2E-B34B-EE110328AF2F}.Deploy|Mixed Platforms.Build.0 = Debug|x64
		{005F9115-4B6E-4B2E-B34B-EE110328AF2F}.Deploy|Win32.ActiveCfg = Debug|x64
		{005F9115-4B6E-4B2E-B34B-EE110328AF2F}.Deploy|x64.ActiveCfg = Debug|x64
		{005F9115-4B6E-4B2E-B34B-EE110328AF2F}.Deploy|x64.Build.0 = Debug|x64
		{005F9115-4B6E-4B2E-B34B-EE110328AF2F}.Deploy|x86.ActiveCfg = Debug|x64
		{005F9115-4B6E-4B2E-B34B-EE110328AF2F}.Release|Any CPU.ActiveCfg = Release|Any CPU
		{005F9115-4B6E-4B2E-B34B-EE110328AF2F}.Release|Any CPU.Build.0 = Release|Any CPU
		{005F9115-4B6E-4B2E-B34B-EE110328AF2F}.Release|Mixed Platforms.ActiveCfg = Release|x64
		{005F9115-4B6E-4B2E-B34B-EE110328AF2F}.Release|Mixed Platforms.Build.0 = Release|x64
		{005F9115-4B6E-4B2E-B34B-EE110328AF2F}.Release|Win32.ActiveCfg = Release|Any CPU
		{005F9115-4B6E-4B2E-B34B-EE110328AF2F}.Release|Win32.Build.0 = Release|Any CPU
		{005F9115-4B6E-4B2E-B34B-EE110328AF2F}.Release|x64.ActiveCfg = Release|Any CPU
		{005F9115-4B6E-4B2E-B34B-EE110328AF2F}.Release|x64.Build.0 = Release|Any CPU
		{005F9115-4B6E-4B2E-B34B-EE110328AF2F}.Release|x86.ActiveCfg = Release|Any CPU
		{005F9115-4B6E-4B2E-B34B-EE110328AF2F}.Release|x86.Build.0 = Release|Any CPU
		{83C780D4-F1CA-487A-AB8F-4987EE88380B}.Debug|Any CPU.ActiveCfg = Debug|Any CPU
		{83C780D4-F1CA-487A-AB8F-4987EE88380B}.Debug|Any CPU.Build.0 = Debug|Any CPU
		{83C780D4-F1CA-487A-AB8F-4987EE88380B}.Debug|Mixed Platforms.ActiveCfg = Debug|Any CPU
		{83C780D4-F1CA-487A-AB8F-4987EE88380B}.Debug|Mixed Platforms.Build.0 = Debug|Any CPU
		{83C780D4-F1CA-487A-AB8F-4987EE88380B}.Debug|Win32.ActiveCfg = Debug|Any CPU
		{83C780D4-F1CA-487A-AB8F-4987EE88380B}.Debug|Win32.Build.0 = Debug|Any CPU
		{83C780D4-F1CA-487A-AB8F-4987EE88380B}.Debug|x64.ActiveCfg = Debug|Any CPU
		{83C780D4-F1CA-487A-AB8F-4987EE88380B}.Debug|x64.Build.0 = Debug|Any CPU
		{83C780D4-F1CA-487A-AB8F-4987EE88380B}.Debug|x86.ActiveCfg = Debug|Any CPU
		{83C780D4-F1CA-487A-AB8F-4987EE88380B}.Debug|x86.Build.0 = Debug|Any CPU
		{83C780D4-F1CA-487A-AB8F-4987EE88380B}.Deploy|Any CPU.ActiveCfg = Debug|Any CPU
		{83C780D4-F1CA-487A-AB8F-4987EE88380B}.Deploy|Any CPU.Build.0 = Debug|Any CPU
		{83C780D4-F1CA-487A-AB8F-4987EE88380B}.Deploy|Mixed Platforms.ActiveCfg = Debug|Any CPU
		{83C780D4-F1CA-487A-AB8F-4987EE88380B}.Deploy|Mixed Platforms.Build.0 = Debug|Any CPU
		{83C780D4-F1CA-487A-AB8F-4987EE88380B}.Deploy|Win32.ActiveCfg = Debug|Any CPU
		{83C780D4-F1CA-487A-AB8F-4987EE88380B}.Deploy|x64.ActiveCfg = Debug|Any CPU
		{83C780D4-F1CA-487A-AB8F-4987EE88380B}.Deploy|x86.ActiveCfg = Debug|Any CPU
		{83C780D4-F1CA-487A-AB8F-4987EE88380B}.Release|Any CPU.ActiveCfg = Release|Any CPU
		{83C780D4-F1CA-487A-AB8F-4987EE88380B}.Release|Any CPU.Build.0 = Release|Any CPU
		{83C780D4-F1CA-487A-AB8F-4987EE88380B}.Release|Mixed Platforms.ActiveCfg = Release|Any CPU
		{83C780D4-F1CA-487A-AB8F-4987EE88380B}.Release|Mixed Platforms.Build.0 = Release|Any CPU
		{83C780D4-F1CA-487A-AB8F-4987EE88380B}.Release|Win32.ActiveCfg = Release|Any CPU
		{83C780D4-F1CA-487A-AB8F-4987EE88380B}.Release|Win32.Build.0 = Release|Any CPU
		{83C780D4-F1CA-487A-AB8F-4987EE88380B}.Release|x64.ActiveCfg = Release|Any CPU
		{83C780D4-F1CA-487A-AB8F-4987EE88380B}.Release|x64.Build.0 = Release|Any CPU
		{83C780D4-F1CA-487A-AB8F-4987EE88380B}.Release|x86.ActiveCfg = Release|Any CPU
		{83C780D4-F1CA-487A-AB8F-4987EE88380B}.Release|x86.Build.0 = Release|Any CPU
		{74FE2ACF-763C-483B-BF5D-673A807F7E17}.Debug|Any CPU.ActiveCfg = Debug|Any CPU
		{74FE2ACF-763C-483B-BF5D-673A807F7E17}.Debug|Any CPU.Build.0 = Debug|Any CPU
		{74FE2ACF-763C-483B-BF5D-673A807F7E17}.Debug|Mixed Platforms.ActiveCfg = Debug|x64
		{74FE2ACF-763C-483B-BF5D-673A807F7E17}.Debug|Mixed Platforms.Build.0 = Debug|x64
		{74FE2ACF-763C-483B-BF5D-673A807F7E17}.Debug|Win32.ActiveCfg = Debug|Any CPU
		{74FE2ACF-763C-483B-BF5D-673A807F7E17}.Debug|Win32.Build.0 = Debug|Any CPU
		{74FE2ACF-763C-483B-BF5D-673A807F7E17}.Debug|x64.ActiveCfg = Debug|Any CPU
		{74FE2ACF-763C-483B-BF5D-673A807F7E17}.Debug|x64.Build.0 = Debug|Any CPU
		{74FE2ACF-763C-483B-BF5D-673A807F7E17}.Debug|x86.ActiveCfg = Debug|Any CPU
		{74FE2ACF-763C-483B-BF5D-673A807F7E17}.Debug|x86.Build.0 = Debug|Any CPU
		{74FE2ACF-763C-483B-BF5D-673A807F7E17}.Deploy|Any CPU.ActiveCfg = Deploy|Any CPU
		{74FE2ACF-763C-483B-BF5D-673A807F7E17}.Deploy|Any CPU.Build.0 = Deploy|Any CPU
		{74FE2ACF-763C-483B-BF5D-673A807F7E17}.Deploy|Mixed Platforms.ActiveCfg = Deploy|x64
		{74FE2ACF-763C-483B-BF5D-673A807F7E17}.Deploy|Mixed Platforms.Build.0 = Deploy|x64
		{74FE2ACF-763C-483B-BF5D-673A807F7E17}.Deploy|Win32.ActiveCfg = Deploy|x64
		{74FE2ACF-763C-483B-BF5D-673A807F7E17}.Deploy|x64.ActiveCfg = Deploy|x64
		{74FE2ACF-763C-483B-BF5D-673A807F7E17}.Deploy|x64.Build.0 = Deploy|x64
		{74FE2ACF-763C-483B-BF5D-673A807F7E17}.Deploy|x86.ActiveCfg = Deploy|x86
		{74FE2ACF-763C-483B-BF5D-673A807F7E17}.Deploy|x86.Build.0 = Deploy|x86
		{74FE2ACF-763C-483B-BF5D-673A807F7E17}.Release|Any CPU.ActiveCfg = Release|Any CPU
		{74FE2ACF-763C-483B-BF5D-673A807F7E17}.Release|Any CPU.Build.0 = Release|Any CPU
		{74FE2ACF-763C-483B-BF5D-673A807F7E17}.Release|Mixed Platforms.ActiveCfg = Release|x64
		{74FE2ACF-763C-483B-BF5D-673A807F7E17}.Release|Mixed Platforms.Build.0 = Release|x64
		{74FE2ACF-763C-483B-BF5D-673A807F7E17}.Release|Win32.ActiveCfg = Release|Any CPU
		{74FE2ACF-763C-483B-BF5D-673A807F7E17}.Release|Win32.Build.0 = Release|Any CPU
		{74FE2ACF-763C-483B-BF5D-673A807F7E17}.Release|x64.ActiveCfg = Release|Any CPU
		{74FE2ACF-763C-483B-BF5D-673A807F7E17}.Release|x64.Build.0 = Release|Any CPU
		{74FE2ACF-763C-483B-BF5D-673A807F7E17}.Release|x86.ActiveCfg = Release|x86
		{74FE2ACF-763C-483B-BF5D-673A807F7E17}.Release|x86.Build.0 = Release|x86
		{8EE6155E-AD75-4D62-9E74-945E27565698}.Debug|Any CPU.ActiveCfg = Debug|Any CPU
		{8EE6155E-AD75-4D62-9E74-945E27565698}.Debug|Any CPU.Build.0 = Debug|Any CPU
		{8EE6155E-AD75-4D62-9E74-945E27565698}.Debug|Mixed Platforms.ActiveCfg = Debug|Any CPU
		{8EE6155E-AD75-4D62-9E74-945E27565698}.Debug|Mixed Platforms.Build.0 = Debug|Any CPU
		{8EE6155E-AD75-4D62-9E74-945E27565698}.Debug|Win32.ActiveCfg = Debug|Any CPU
		{8EE6155E-AD75-4D62-9E74-945E27565698}.Debug|Win32.Build.0 = Debug|Any CPU
		{8EE6155E-AD75-4D62-9E74-945E27565698}.Debug|x64.ActiveCfg = Debug|Any CPU
		{8EE6155E-AD75-4D62-9E74-945E27565698}.Debug|x64.Build.0 = Debug|Any CPU
		{8EE6155E-AD75-4D62-9E74-945E27565698}.Debug|x86.ActiveCfg = Debug|Any CPU
		{8EE6155E-AD75-4D62-9E74-945E27565698}.Debug|x86.Build.0 = Debug|Any CPU
		{8EE6155E-AD75-4D62-9E74-945E27565698}.Deploy|Any CPU.ActiveCfg = Debug|Any CPU
		{8EE6155E-AD75-4D62-9E74-945E27565698}.Deploy|Any CPU.Build.0 = Debug|Any CPU
		{8EE6155E-AD75-4D62-9E74-945E27565698}.Deploy|Mixed Platforms.ActiveCfg = Debug|Any CPU
		{8EE6155E-AD75-4D62-9E74-945E27565698}.Deploy|Mixed Platforms.Build.0 = Debug|Any CPU
		{8EE6155E-AD75-4D62-9E74-945E27565698}.Deploy|Win32.ActiveCfg = Debug|Any CPU
		{8EE6155E-AD75-4D62-9E74-945E27565698}.Deploy|x64.ActiveCfg = Debug|Any CPU
		{8EE6155E-AD75-4D62-9E74-945E27565698}.Deploy|x86.ActiveCfg = Debug|Any CPU
		{8EE6155E-AD75-4D62-9E74-945E27565698}.Release|Any CPU.ActiveCfg = Release|Any CPU
		{8EE6155E-AD75-4D62-9E74-945E27565698}.Release|Any CPU.Build.0 = Release|Any CPU
		{8EE6155E-AD75-4D62-9E74-945E27565698}.Release|Mixed Platforms.ActiveCfg = Release|Any CPU
		{8EE6155E-AD75-4D62-9E74-945E27565698}.Release|Mixed Platforms.Build.0 = Release|Any CPU
		{8EE6155E-AD75-4D62-9E74-945E27565698}.Release|Win32.ActiveCfg = Release|Any CPU
		{8EE6155E-AD75-4D62-9E74-945E27565698}.Release|Win32.Build.0 = Release|Any CPU
		{8EE6155E-AD75-4D62-9E74-945E27565698}.Release|x64.ActiveCfg = Release|Any CPU
		{8EE6155E-AD75-4D62-9E74-945E27565698}.Release|x64.Build.0 = Release|Any CPU
		{8EE6155E-AD75-4D62-9E74-945E27565698}.Release|x86.ActiveCfg = Release|Any CPU
		{8EE6155E-AD75-4D62-9E74-945E27565698}.Release|x86.Build.0 = Release|Any CPU
		{418EE160-F489-40A9-B108-A2E15F4C33B0}.Debug|Any CPU.ActiveCfg = Debug|Any CPU
		{418EE160-F489-40A9-B108-A2E15F4C33B0}.Debug|Any CPU.Build.0 = Debug|Any CPU
		{418EE160-F489-40A9-B108-A2E15F4C33B0}.Debug|Mixed Platforms.ActiveCfg = Debug|Any CPU
		{418EE160-F489-40A9-B108-A2E15F4C33B0}.Debug|Mixed Platforms.Build.0 = Debug|Any CPU
		{418EE160-F489-40A9-B108-A2E15F4C33B0}.Debug|Win32.ActiveCfg = Debug|Any CPU
		{418EE160-F489-40A9-B108-A2E15F4C33B0}.Debug|Win32.Build.0 = Debug|Any CPU
		{418EE160-F489-40A9-B108-A2E15F4C33B0}.Debug|x64.ActiveCfg = Debug|Any CPU
		{418EE160-F489-40A9-B108-A2E15F4C33B0}.Debug|x64.Build.0 = Debug|Any CPU
		{418EE160-F489-40A9-B108-A2E15F4C33B0}.Debug|x86.ActiveCfg = Debug|Any CPU
		{418EE160-F489-40A9-B108-A2E15F4C33B0}.Debug|x86.Build.0 = Debug|Any CPU
		{418EE160-F489-40A9-B108-A2E15F4C33B0}.Deploy|Any CPU.ActiveCfg = Debug|Any CPU
		{418EE160-F489-40A9-B108-A2E15F4C33B0}.Deploy|Any CPU.Build.0 = Debug|Any CPU
		{418EE160-F489-40A9-B108-A2E15F4C33B0}.Deploy|Mixed Platforms.ActiveCfg = Debug|Any CPU
		{418EE160-F489-40A9-B108-A2E15F4C33B0}.Deploy|Mixed Platforms.Build.0 = Debug|Any CPU
		{418EE160-F489-40A9-B108-A2E15F4C33B0}.Deploy|Win32.ActiveCfg = Debug|Any CPU
		{418EE160-F489-40A9-B108-A2E15F4C33B0}.Deploy|x64.ActiveCfg = Debug|Any CPU
		{418EE160-F489-40A9-B108-A2E15F4C33B0}.Deploy|x86.ActiveCfg = Debug|Any CPU
		{418EE160-F489-40A9-B108-A2E15F4C33B0}.Release|Any CPU.ActiveCfg = Release|Any CPU
		{418EE160-F489-40A9-B108-A2E15F4C33B0}.Release|Any CPU.Build.0 = Release|Any CPU
		{418EE160-F489-40A9-B108-A2E15F4C33B0}.Release|Mixed Platforms.ActiveCfg = Release|Any CPU
		{418EE160-F489-40A9-B108-A2E15F4C33B0}.Release|Mixed Platforms.Build.0 = Release|Any CPU
		{418EE160-F489-40A9-B108-A2E15F4C33B0}.Release|Win32.ActiveCfg = Release|Any CPU
		{418EE160-F489-40A9-B108-A2E15F4C33B0}.Release|Win32.Build.0 = Release|Any CPU
		{418EE160-F489-40A9-B108-A2E15F4C33B0}.Release|x64.ActiveCfg = Release|Any CPU
		{418EE160-F489-40A9-B108-A2E15F4C33B0}.Release|x64.Build.0 = Release|Any CPU
		{418EE160-F489-40A9-B108-A2E15F4C33B0}.Release|x86.ActiveCfg = Release|Any CPU
		{418EE160-F489-40A9-B108-A2E15F4C33B0}.Release|x86.Build.0 = Release|Any CPU
		{95B832D2-E37D-4379-8568-D9296A82DB26}.Debug|Any CPU.ActiveCfg = Debug|Any CPU
		{95B832D2-E37D-4379-8568-D9296A82DB26}.Debug|Any CPU.Build.0 = Debug|Any CPU
		{95B832D2-E37D-4379-8568-D9296A82DB26}.Debug|Mixed Platforms.ActiveCfg = Debug|Any CPU
		{95B832D2-E37D-4379-8568-D9296A82DB26}.Debug|Mixed Platforms.Build.0 = Debug|Any CPU
		{95B832D2-E37D-4379-8568-D9296A82DB26}.Debug|Win32.ActiveCfg = Debug|Any CPU
		{95B832D2-E37D-4379-8568-D9296A82DB26}.Debug|Win32.Build.0 = Debug|Any CPU
		{95B832D2-E37D-4379-8568-D9296A82DB26}.Debug|x64.ActiveCfg = Debug|Any CPU
		{95B832D2-E37D-4379-8568-D9296A82DB26}.Debug|x64.Build.0 = Debug|Any CPU
		{95B832D2-E37D-4379-8568-D9296A82DB26}.Debug|x86.ActiveCfg = Debug|Any CPU
		{95B832D2-E37D-4379-8568-D9296A82DB26}.Debug|x86.Build.0 = Debug|Any CPU
		{95B832D2-E37D-4379-8568-D9296A82DB26}.Deploy|Any CPU.ActiveCfg = Debug|Any CPU
		{95B832D2-E37D-4379-8568-D9296A82DB26}.Deploy|Any CPU.Build.0 = Debug|Any CPU
		{95B832D2-E37D-4379-8568-D9296A82DB26}.Deploy|Mixed Platforms.ActiveCfg = Debug|Any CPU
		{95B832D2-E37D-4379-8568-D9296A82DB26}.Deploy|Mixed Platforms.Build.0 = Debug|Any CPU
		{95B832D2-E37D-4379-8568-D9296A82DB26}.Deploy|Win32.ActiveCfg = Debug|Any CPU
		{95B832D2-E37D-4379-8568-D9296A82DB26}.Deploy|x64.ActiveCfg = Debug|Any CPU
		{95B832D2-E37D-4379-8568-D9296A82DB26}.Deploy|x86.ActiveCfg = Debug|Any CPU
		{95B832D2-E37D-4379-8568-D9296A82DB26}.Release|Any CPU.ActiveCfg = Release|Any CPU
		{95B832D2-E37D-4379-8568-D9296A82DB26}.Release|Any CPU.Build.0 = Release|Any CPU
		{95B832D2-E37D-4379-8568-D9296A82DB26}.Release|Mixed Platforms.ActiveCfg = Release|Any CPU
		{95B832D2-E37D-4379-8568-D9296A82DB26}.Release|Mixed Platforms.Build.0 = Release|Any CPU
		{95B832D2-E37D-4379-8568-D9296A82DB26}.Release|Win32.ActiveCfg = Release|Any CPU
		{95B832D2-E37D-4379-8568-D9296A82DB26}.Release|Win32.Build.0 = Release|Any CPU
		{95B832D2-E37D-4379-8568-D9296A82DB26}.Release|x64.ActiveCfg = Release|Any CPU
		{95B832D2-E37D-4379-8568-D9296A82DB26}.Release|x64.Build.0 = Release|Any CPU
		{95B832D2-E37D-4379-8568-D9296A82DB26}.Release|x86.ActiveCfg = Release|Any CPU
		{95B832D2-E37D-4379-8568-D9296A82DB26}.Release|x86.Build.0 = Release|Any CPU
		{5FADD177-94DA-4D87-A093-AE9ED5E07955}.Debug|Any CPU.ActiveCfg = Debug|Any CPU
		{5FADD177-94DA-4D87-A093-AE9ED5E07955}.Debug|Any CPU.Build.0 = Debug|Any CPU
		{5FADD177-94DA-4D87-A093-AE9ED5E07955}.Debug|Mixed Platforms.ActiveCfg = Debug|x64
		{5FADD177-94DA-4D87-A093-AE9ED5E07955}.Debug|Mixed Platforms.Build.0 = Debug|x64
		{5FADD177-94DA-4D87-A093-AE9ED5E07955}.Debug|Win32.ActiveCfg = Debug|Any CPU
		{5FADD177-94DA-4D87-A093-AE9ED5E07955}.Debug|Win32.Build.0 = Debug|Any CPU
		{5FADD177-94DA-4D87-A093-AE9ED5E07955}.Debug|x64.ActiveCfg = Debug|Any CPU
		{5FADD177-94DA-4D87-A093-AE9ED5E07955}.Debug|x64.Build.0 = Debug|Any CPU
		{5FADD177-94DA-4D87-A093-AE9ED5E07955}.Debug|x86.ActiveCfg = Debug|Any CPU
		{5FADD177-94DA-4D87-A093-AE9ED5E07955}.Debug|x86.Build.0 = Debug|Any CPU
		{5FADD177-94DA-4D87-A093-AE9ED5E07955}.Deploy|Any CPU.ActiveCfg = Deploy|Any CPU
		{5FADD177-94DA-4D87-A093-AE9ED5E07955}.Deploy|Any CPU.Build.0 = Deploy|Any CPU
		{5FADD177-94DA-4D87-A093-AE9ED5E07955}.Deploy|Mixed Platforms.ActiveCfg = Deploy|x64
		{5FADD177-94DA-4D87-A093-AE9ED5E07955}.Deploy|Mixed Platforms.Build.0 = Deploy|x64
		{5FADD177-94DA-4D87-A093-AE9ED5E07955}.Deploy|Win32.ActiveCfg = Deploy|x64
		{5FADD177-94DA-4D87-A093-AE9ED5E07955}.Deploy|x64.ActiveCfg = Deploy|x64
		{5FADD177-94DA-4D87-A093-AE9ED5E07955}.Deploy|x64.Build.0 = Deploy|x64
		{5FADD177-94DA-4D87-A093-AE9ED5E07955}.Deploy|x86.ActiveCfg = Deploy|x86
		{5FADD177-94DA-4D87-A093-AE9ED5E07955}.Deploy|x86.Build.0 = Deploy|x86
		{5FADD177-94DA-4D87-A093-AE9ED5E07955}.Release|Any CPU.ActiveCfg = Release|Any CPU
		{5FADD177-94DA-4D87-A093-AE9ED5E07955}.Release|Any CPU.Build.0 = Release|Any CPU
		{5FADD177-94DA-4D87-A093-AE9ED5E07955}.Release|Mixed Platforms.ActiveCfg = Release|x64
		{5FADD177-94DA-4D87-A093-AE9ED5E07955}.Release|Mixed Platforms.Build.0 = Release|x64
		{5FADD177-94DA-4D87-A093-AE9ED5E07955}.Release|Win32.ActiveCfg = Release|Any CPU
		{5FADD177-94DA-4D87-A093-AE9ED5E07955}.Release|Win32.Build.0 = Release|Any CPU
		{5FADD177-94DA-4D87-A093-AE9ED5E07955}.Release|x64.ActiveCfg = Release|Any CPU
		{5FADD177-94DA-4D87-A093-AE9ED5E07955}.Release|x64.Build.0 = Release|Any CPU
		{5FADD177-94DA-4D87-A093-AE9ED5E07955}.Release|x86.ActiveCfg = Release|x86
		{5FADD177-94DA-4D87-A093-AE9ED5E07955}.Release|x86.Build.0 = Release|x86
		{0E785A6A-A89F-4ECA-8B4B-8904B4E159BE}.Debug|Any CPU.ActiveCfg = Debug|Any CPU
		{0E785A6A-A89F-4ECA-8B4B-8904B4E159BE}.Debug|Any CPU.Build.0 = Debug|Any CPU
		{0E785A6A-A89F-4ECA-8B4B-8904B4E159BE}.Debug|Mixed Platforms.ActiveCfg = Debug|x64
		{0E785A6A-A89F-4ECA-8B4B-8904B4E159BE}.Debug|Mixed Platforms.Build.0 = Debug|x64
		{0E785A6A-A89F-4ECA-8B4B-8904B4E159BE}.Debug|Win32.ActiveCfg = Debug|Any CPU
		{0E785A6A-A89F-4ECA-8B4B-8904B4E159BE}.Debug|Win32.Build.0 = Debug|Any CPU
		{0E785A6A-A89F-4ECA-8B4B-8904B4E159BE}.Debug|x64.ActiveCfg = Debug|x64
		{0E785A6A-A89F-4ECA-8B4B-8904B4E159BE}.Debug|x64.Build.0 = Debug|x64
		{0E785A6A-A89F-4ECA-8B4B-8904B4E159BE}.Debug|x86.ActiveCfg = Debug|Any CPU
		{0E785A6A-A89F-4ECA-8B4B-8904B4E159BE}.Debug|x86.Build.0 = Debug|Any CPU
		{0E785A6A-A89F-4ECA-8B4B-8904B4E159BE}.Deploy|Any CPU.ActiveCfg = Deploy|Any CPU
		{0E785A6A-A89F-4ECA-8B4B-8904B4E159BE}.Deploy|Any CPU.Build.0 = Deploy|Any CPU
		{0E785A6A-A89F-4ECA-8B4B-8904B4E159BE}.Deploy|Mixed Platforms.ActiveCfg = Deploy|x64
		{0E785A6A-A89F-4ECA-8B4B-8904B4E159BE}.Deploy|Mixed Platforms.Build.0 = Deploy|x64
		{0E785A6A-A89F-4ECA-8B4B-8904B4E159BE}.Deploy|Win32.ActiveCfg = Deploy|x64
		{0E785A6A-A89F-4ECA-8B4B-8904B4E159BE}.Deploy|x64.ActiveCfg = Deploy|x64
		{0E785A6A-A89F-4ECA-8B4B-8904B4E159BE}.Deploy|x64.Build.0 = Deploy|x64
		{0E785A6A-A89F-4ECA-8B4B-8904B4E159BE}.Deploy|x86.ActiveCfg = Deploy|x86
		{0E785A6A-A89F-4ECA-8B4B-8904B4E159BE}.Deploy|x86.Build.0 = Deploy|x86
		{0E785A6A-A89F-4ECA-8B4B-8904B4E159BE}.Release|Any CPU.ActiveCfg = Release|Any CPU
		{0E785A6A-A89F-4ECA-8B4B-8904B4E159BE}.Release|Any CPU.Build.0 = Release|Any CPU
		{0E785A6A-A89F-4ECA-8B4B-8904B4E159BE}.Release|Mixed Platforms.ActiveCfg = Release|x64
		{0E785A6A-A89F-4ECA-8B4B-8904B4E159BE}.Release|Mixed Platforms.Build.0 = Release|x64
		{0E785A6A-A89F-4ECA-8B4B-8904B4E159BE}.Release|Win32.ActiveCfg = Release|Any CPU
		{0E785A6A-A89F-4ECA-8B4B-8904B4E159BE}.Release|Win32.Build.0 = Release|Any CPU
		{0E785A6A-A89F-4ECA-8B4B-8904B4E159BE}.Release|x64.ActiveCfg = Release|Any CPU
		{0E785A6A-A89F-4ECA-8B4B-8904B4E159BE}.Release|x64.Build.0 = Release|Any CPU
		{0E785A6A-A89F-4ECA-8B4B-8904B4E159BE}.Release|x86.ActiveCfg = Release|Any CPU
		{0E785A6A-A89F-4ECA-8B4B-8904B4E159BE}.Release|x86.Build.0 = Release|Any CPU
		{FDDB1E6C-4D27-4C59-93B7-46E3DE31A71F}.Debug|Any CPU.ActiveCfg = Debug|Any CPU
		{FDDB1E6C-4D27-4C59-93B7-46E3DE31A71F}.Debug|Any CPU.Build.0 = Debug|Any CPU
		{FDDB1E6C-4D27-4C59-93B7-46E3DE31A71F}.Debug|Mixed Platforms.ActiveCfg = Debug|x64
		{FDDB1E6C-4D27-4C59-93B7-46E3DE31A71F}.Debug|Mixed Platforms.Build.0 = Debug|x64
		{FDDB1E6C-4D27-4C59-93B7-46E3DE31A71F}.Debug|Win32.ActiveCfg = Debug|Any CPU
		{FDDB1E6C-4D27-4C59-93B7-46E3DE31A71F}.Debug|Win32.Build.0 = Debug|Any CPU
		{FDDB1E6C-4D27-4C59-93B7-46E3DE31A71F}.Debug|x64.ActiveCfg = Debug|x64
		{FDDB1E6C-4D27-4C59-93B7-46E3DE31A71F}.Debug|x64.Build.0 = Debug|x64
		{FDDB1E6C-4D27-4C59-93B7-46E3DE31A71F}.Debug|x86.ActiveCfg = Debug|Any CPU
		{FDDB1E6C-4D27-4C59-93B7-46E3DE31A71F}.Debug|x86.Build.0 = Debug|Any CPU
		{FDDB1E6C-4D27-4C59-93B7-46E3DE31A71F}.Deploy|Any CPU.ActiveCfg = Deploy|Any CPU
		{FDDB1E6C-4D27-4C59-93B7-46E3DE31A71F}.Deploy|Any CPU.Build.0 = Deploy|Any CPU
		{FDDB1E6C-4D27-4C59-93B7-46E3DE31A71F}.Deploy|Mixed Platforms.ActiveCfg = Deploy|x64
		{FDDB1E6C-4D27-4C59-93B7-46E3DE31A71F}.Deploy|Mixed Platforms.Build.0 = Deploy|x64
		{FDDB1E6C-4D27-4C59-93B7-46E3DE31A71F}.Deploy|Win32.ActiveCfg = Deploy|x64
		{FDDB1E6C-4D27-4C59-93B7-46E3DE31A71F}.Deploy|x64.ActiveCfg = Deploy|x64
		{FDDB1E6C-4D27-4C59-93B7-46E3DE31A71F}.Deploy|x64.Build.0 = Deploy|x64
		{FDDB1E6C-4D27-4C59-93B7-46E3DE31A71F}.Deploy|x86.ActiveCfg = Deploy|x86
		{FDDB1E6C-4D27-4C59-93B7-46E3DE31A71F}.Deploy|x86.Build.0 = Deploy|x86
		{FDDB1E6C-4D27-4C59-93B7-46E3DE31A71F}.Release|Any CPU.ActiveCfg = Release|Any CPU
		{FDDB1E6C-4D27-4C59-93B7-46E3DE31A71F}.Release|Any CPU.Build.0 = Release|Any CPU
		{FDDB1E6C-4D27-4C59-93B7-46E3DE31A71F}.Release|Mixed Platforms.ActiveCfg = Release|x64
		{FDDB1E6C-4D27-4C59-93B7-46E3DE31A71F}.Release|Mixed Platforms.Build.0 = Release|x64
		{FDDB1E6C-4D27-4C59-93B7-46E3DE31A71F}.Release|Win32.ActiveCfg = Release|Any CPU
		{FDDB1E6C-4D27-4C59-93B7-46E3DE31A71F}.Release|Win32.Build.0 = Release|Any CPU
		{FDDB1E6C-4D27-4C59-93B7-46E3DE31A71F}.Release|x64.ActiveCfg = Release|Any CPU
		{FDDB1E6C-4D27-4C59-93B7-46E3DE31A71F}.Release|x64.Build.0 = Release|Any CPU
		{FDDB1E6C-4D27-4C59-93B7-46E3DE31A71F}.Release|x86.ActiveCfg = Release|Any CPU
		{FDDB1E6C-4D27-4C59-93B7-46E3DE31A71F}.Release|x86.Build.0 = Release|Any CPU
		{8F1BA59C-4464-4E76-8F9C-A7AF8B1E1D06}.Debug|Any CPU.ActiveCfg = Debug|Any CPU
		{8F1BA59C-4464-4E76-8F9C-A7AF8B1E1D06}.Debug|Any CPU.Build.0 = Debug|Any CPU
		{8F1BA59C-4464-4E76-8F9C-A7AF8B1E1D06}.Debug|Mixed Platforms.ActiveCfg = Debug|Any CPU
		{8F1BA59C-4464-4E76-8F9C-A7AF8B1E1D06}.Debug|Mixed Platforms.Build.0 = Debug|Any CPU
		{8F1BA59C-4464-4E76-8F9C-A7AF8B1E1D06}.Debug|Win32.ActiveCfg = Debug|Any CPU
		{8F1BA59C-4464-4E76-8F9C-A7AF8B1E1D06}.Debug|Win32.Build.0 = Debug|Any CPU
		{8F1BA59C-4464-4E76-8F9C-A7AF8B1E1D06}.Debug|x64.ActiveCfg = Debug|Any CPU
		{8F1BA59C-4464-4E76-8F9C-A7AF8B1E1D06}.Debug|x64.Build.0 = Debug|Any CPU
		{8F1BA59C-4464-4E76-8F9C-A7AF8B1E1D06}.Debug|x86.ActiveCfg = Debug|Any CPU
		{8F1BA59C-4464-4E76-8F9C-A7AF8B1E1D06}.Debug|x86.Build.0 = Debug|Any CPU
		{8F1BA59C-4464-4E76-8F9C-A7AF8B1E1D06}.Deploy|Any CPU.ActiveCfg = Debug|Any CPU
		{8F1BA59C-4464-4E76-8F9C-A7AF8B1E1D06}.Deploy|Any CPU.Build.0 = Debug|Any CPU
		{8F1BA59C-4464-4E76-8F9C-A7AF8B1E1D06}.Deploy|Mixed Platforms.ActiveCfg = Debug|Any CPU
		{8F1BA59C-4464-4E76-8F9C-A7AF8B1E1D06}.Deploy|Mixed Platforms.Build.0 = Debug|Any CPU
		{8F1BA59C-4464-4E76-8F9C-A7AF8B1E1D06}.Deploy|Win32.ActiveCfg = Debug|Any CPU
		{8F1BA59C-4464-4E76-8F9C-A7AF8B1E1D06}.Deploy|x64.ActiveCfg = Debug|Any CPU
		{8F1BA59C-4464-4E76-8F9C-A7AF8B1E1D06}.Deploy|x86.ActiveCfg = Debug|Any CPU
		{8F1BA59C-4464-4E76-8F9C-A7AF8B1E1D06}.Release|Any CPU.ActiveCfg = Release|Any CPU
		{8F1BA59C-4464-4E76-8F9C-A7AF8B1E1D06}.Release|Any CPU.Build.0 = Release|Any CPU
		{8F1BA59C-4464-4E76-8F9C-A7AF8B1E1D06}.Release|Mixed Platforms.ActiveCfg = Release|Any CPU
		{8F1BA59C-4464-4E76-8F9C-A7AF8B1E1D06}.Release|Mixed Platforms.Build.0 = Release|Any CPU
		{8F1BA59C-4464-4E76-8F9C-A7AF8B1E1D06}.Release|Win32.ActiveCfg = Release|Any CPU
		{8F1BA59C-4464-4E76-8F9C-A7AF8B1E1D06}.Release|Win32.Build.0 = Release|Any CPU
		{8F1BA59C-4464-4E76-8F9C-A7AF8B1E1D06}.Release|x64.ActiveCfg = Release|Any CPU
		{8F1BA59C-4464-4E76-8F9C-A7AF8B1E1D06}.Release|x64.Build.0 = Release|Any CPU
		{8F1BA59C-4464-4E76-8F9C-A7AF8B1E1D06}.Release|x86.ActiveCfg = Release|Any CPU
		{8F1BA59C-4464-4E76-8F9C-A7AF8B1E1D06}.Release|x86.Build.0 = Release|Any CPU
		{D5DC866D-E472-443F-83E4-C01EC15360CF}.Debug|Any CPU.ActiveCfg = Debug|Any CPU
		{D5DC866D-E472-443F-83E4-C01EC15360CF}.Debug|Any CPU.Build.0 = Debug|Any CPU
		{D5DC866D-E472-443F-83E4-C01EC15360CF}.Debug|Mixed Platforms.ActiveCfg = Debug|x64
		{D5DC866D-E472-443F-83E4-C01EC15360CF}.Debug|Mixed Platforms.Build.0 = Debug|x64
		{D5DC866D-E472-443F-83E4-C01EC15360CF}.Debug|Win32.ActiveCfg = Debug|Any CPU
		{D5DC866D-E472-443F-83E4-C01EC15360CF}.Debug|Win32.Build.0 = Debug|Any CPU
		{D5DC866D-E472-443F-83E4-C01EC15360CF}.Debug|x64.ActiveCfg = Debug|Any CPU
		{D5DC866D-E472-443F-83E4-C01EC15360CF}.Debug|x64.Build.0 = Debug|Any CPU
		{D5DC866D-E472-443F-83E4-C01EC15360CF}.Debug|x86.ActiveCfg = Debug|Any CPU
		{D5DC866D-E472-443F-83E4-C01EC15360CF}.Debug|x86.Build.0 = Debug|Any CPU
		{D5DC866D-E472-443F-83E4-C01EC15360CF}.Deploy|Any CPU.ActiveCfg = Debug|x64
		{D5DC866D-E472-443F-83E4-C01EC15360CF}.Deploy|Mixed Platforms.ActiveCfg = Debug|x64
		{D5DC866D-E472-443F-83E4-C01EC15360CF}.Deploy|Mixed Platforms.Build.0 = Debug|x64
		{D5DC866D-E472-443F-83E4-C01EC15360CF}.Deploy|Win32.ActiveCfg = Debug|x64
		{D5DC866D-E472-443F-83E4-C01EC15360CF}.Deploy|x64.ActiveCfg = Debug|x64
		{D5DC866D-E472-443F-83E4-C01EC15360CF}.Deploy|x64.Build.0 = Debug|x64
		{D5DC866D-E472-443F-83E4-C01EC15360CF}.Deploy|x86.ActiveCfg = Debug|x64
		{D5DC866D-E472-443F-83E4-C01EC15360CF}.Release|Any CPU.ActiveCfg = Release|Any CPU
		{D5DC866D-E472-443F-83E4-C01EC15360CF}.Release|Any CPU.Build.0 = Release|Any CPU
		{D5DC866D-E472-443F-83E4-C01EC15360CF}.Release|Mixed Platforms.ActiveCfg = Release|x64
		{D5DC866D-E472-443F-83E4-C01EC15360CF}.Release|Mixed Platforms.Build.0 = Release|x64
		{D5DC866D-E472-443F-83E4-C01EC15360CF}.Release|Win32.ActiveCfg = Release|Any CPU
		{D5DC866D-E472-443F-83E4-C01EC15360CF}.Release|Win32.Build.0 = Release|Any CPU
		{D5DC866D-E472-443F-83E4-C01EC15360CF}.Release|x64.ActiveCfg = Release|Any CPU
		{D5DC866D-E472-443F-83E4-C01EC15360CF}.Release|x64.Build.0 = Release|Any CPU
		{D5DC866D-E472-443F-83E4-C01EC15360CF}.Release|x86.ActiveCfg = Release|Any CPU
		{D5DC866D-E472-443F-83E4-C01EC15360CF}.Release|x86.Build.0 = Release|Any CPU
		{07B5031F-1EC5-420E-937C-C4D28C5E71B8}.Debug|Any CPU.ActiveCfg = Debug|Any CPU
		{07B5031F-1EC5-420E-937C-C4D28C5E71B8}.Debug|Any CPU.Build.0 = Debug|Any CPU
		{07B5031F-1EC5-420E-937C-C4D28C5E71B8}.Debug|Mixed Platforms.ActiveCfg = Debug|x64
		{07B5031F-1EC5-420E-937C-C4D28C5E71B8}.Debug|Mixed Platforms.Build.0 = Debug|x64
		{07B5031F-1EC5-420E-937C-C4D28C5E71B8}.Debug|Win32.ActiveCfg = Debug|Any CPU
		{07B5031F-1EC5-420E-937C-C4D28C5E71B8}.Debug|Win32.Build.0 = Debug|Any CPU
		{07B5031F-1EC5-420E-937C-C4D28C5E71B8}.Debug|x64.ActiveCfg = Debug|x64
		{07B5031F-1EC5-420E-937C-C4D28C5E71B8}.Debug|x64.Build.0 = Debug|x64
		{07B5031F-1EC5-420E-937C-C4D28C5E71B8}.Debug|x86.ActiveCfg = Debug|Any CPU
		{07B5031F-1EC5-420E-937C-C4D28C5E71B8}.Debug|x86.Build.0 = Debug|Any CPU
		{07B5031F-1EC5-420E-937C-C4D28C5E71B8}.Deploy|Any CPU.ActiveCfg = Deploy|Any CPU
		{07B5031F-1EC5-420E-937C-C4D28C5E71B8}.Deploy|Any CPU.Build.0 = Deploy|Any CPU
		{07B5031F-1EC5-420E-937C-C4D28C5E71B8}.Deploy|Mixed Platforms.ActiveCfg = Deploy|x64
		{07B5031F-1EC5-420E-937C-C4D28C5E71B8}.Deploy|Mixed Platforms.Build.0 = Deploy|x64
		{07B5031F-1EC5-420E-937C-C4D28C5E71B8}.Deploy|Win32.ActiveCfg = Deploy|x64
		{07B5031F-1EC5-420E-937C-C4D28C5E71B8}.Deploy|x64.ActiveCfg = Deploy|x64
		{07B5031F-1EC5-420E-937C-C4D28C5E71B8}.Deploy|x64.Build.0 = Deploy|x64
		{07B5031F-1EC5-420E-937C-C4D28C5E71B8}.Deploy|x86.ActiveCfg = Deploy|x86
		{07B5031F-1EC5-420E-937C-C4D28C5E71B8}.Deploy|x86.Build.0 = Deploy|x86
		{07B5031F-1EC5-420E-937C-C4D28C5E71B8}.Release|Any CPU.ActiveCfg = Release|Any CPU
		{07B5031F-1EC5-420E-937C-C4D28C5E71B8}.Release|Any CPU.Build.0 = Release|Any CPU
		{07B5031F-1EC5-420E-937C-C4D28C5E71B8}.Release|Mixed Platforms.ActiveCfg = Release|x64
		{07B5031F-1EC5-420E-937C-C4D28C5E71B8}.Release|Mixed Platforms.Build.0 = Release|x64
		{07B5031F-1EC5-420E-937C-C4D28C5E71B8}.Release|Win32.ActiveCfg = Release|Any CPU
		{07B5031F-1EC5-420E-937C-C4D28C5E71B8}.Release|Win32.Build.0 = Release|Any CPU
		{07B5031F-1EC5-420E-937C-C4D28C5E71B8}.Release|x64.ActiveCfg = Release|x64
		{07B5031F-1EC5-420E-937C-C4D28C5E71B8}.Release|x64.Build.0 = Release|x64
		{07B5031F-1EC5-420E-937C-C4D28C5E71B8}.Release|x86.ActiveCfg = Release|x86
		{07B5031F-1EC5-420E-937C-C4D28C5E71B8}.Release|x86.Build.0 = Release|x86
		{4587A437-9408-44A2-8FE8-6DFC2499A07B}.Debug|Any CPU.ActiveCfg = Debug|Any CPU
		{4587A437-9408-44A2-8FE8-6DFC2499A07B}.Debug|Any CPU.Build.0 = Debug|Any CPU
		{4587A437-9408-44A2-8FE8-6DFC2499A07B}.Debug|Mixed Platforms.ActiveCfg = Debug|x64
		{4587A437-9408-44A2-8FE8-6DFC2499A07B}.Debug|Mixed Platforms.Build.0 = Debug|x64
		{4587A437-9408-44A2-8FE8-6DFC2499A07B}.Debug|Win32.ActiveCfg = Debug|Any CPU
		{4587A437-9408-44A2-8FE8-6DFC2499A07B}.Debug|Win32.Build.0 = Debug|Any CPU
		{4587A437-9408-44A2-8FE8-6DFC2499A07B}.Debug|x64.ActiveCfg = Debug|x64
		{4587A437-9408-44A2-8FE8-6DFC2499A07B}.Debug|x64.Build.0 = Debug|x64
		{4587A437-9408-44A2-8FE8-6DFC2499A07B}.Debug|x86.ActiveCfg = Debug|Any CPU
		{4587A437-9408-44A2-8FE8-6DFC2499A07B}.Debug|x86.Build.0 = Debug|Any CPU
		{4587A437-9408-44A2-8FE8-6DFC2499A07B}.Deploy|Any CPU.ActiveCfg = Debug|x64
		{4587A437-9408-44A2-8FE8-6DFC2499A07B}.Deploy|Mixed Platforms.ActiveCfg = Debug|x64
		{4587A437-9408-44A2-8FE8-6DFC2499A07B}.Deploy|Mixed Platforms.Build.0 = Debug|x64
		{4587A437-9408-44A2-8FE8-6DFC2499A07B}.Deploy|Win32.ActiveCfg = Debug|x64
		{4587A437-9408-44A2-8FE8-6DFC2499A07B}.Deploy|x64.ActiveCfg = Debug|x64
		{4587A437-9408-44A2-8FE8-6DFC2499A07B}.Deploy|x64.Build.0 = Debug|x64
		{4587A437-9408-44A2-8FE8-6DFC2499A07B}.Deploy|x86.ActiveCfg = Debug|x64
		{4587A437-9408-44A2-8FE8-6DFC2499A07B}.Release|Any CPU.ActiveCfg = Release|Any CPU
		{4587A437-9408-44A2-8FE8-6DFC2499A07B}.Release|Any CPU.Build.0 = Release|Any CPU
		{4587A437-9408-44A2-8FE8-6DFC2499A07B}.Release|Mixed Platforms.ActiveCfg = Release|x64
		{4587A437-9408-44A2-8FE8-6DFC2499A07B}.Release|Mixed Platforms.Build.0 = Release|x64
		{4587A437-9408-44A2-8FE8-6DFC2499A07B}.Release|Win32.ActiveCfg = Release|Any CPU
		{4587A437-9408-44A2-8FE8-6DFC2499A07B}.Release|Win32.Build.0 = Release|Any CPU
		{4587A437-9408-44A2-8FE8-6DFC2499A07B}.Release|x64.ActiveCfg = Release|x64
		{4587A437-9408-44A2-8FE8-6DFC2499A07B}.Release|x64.Build.0 = Release|x64
		{4587A437-9408-44A2-8FE8-6DFC2499A07B}.Release|x86.ActiveCfg = Release|Any CPU
		{4587A437-9408-44A2-8FE8-6DFC2499A07B}.Release|x86.Build.0 = Release|Any CPU
		{4331D056-5130-4E93-9318-6B406E4CAF7F}.Debug|Any CPU.ActiveCfg = Debug|Any CPU
		{4331D056-5130-4E93-9318-6B406E4CAF7F}.Debug|Any CPU.Build.0 = Debug|Any CPU
		{4331D056-5130-4E93-9318-6B406E4CAF7F}.Debug|Mixed Platforms.ActiveCfg = Debug|x64
		{4331D056-5130-4E93-9318-6B406E4CAF7F}.Debug|Mixed Platforms.Build.0 = Debug|x64
		{4331D056-5130-4E93-9318-6B406E4CAF7F}.Debug|Win32.ActiveCfg = Debug|Any CPU
		{4331D056-5130-4E93-9318-6B406E4CAF7F}.Debug|Win32.Build.0 = Debug|Any CPU
		{4331D056-5130-4E93-9318-6B406E4CAF7F}.Debug|x64.ActiveCfg = Debug|x64
		{4331D056-5130-4E93-9318-6B406E4CAF7F}.Debug|x64.Build.0 = Debug|x64
		{4331D056-5130-4E93-9318-6B406E4CAF7F}.Debug|x86.ActiveCfg = Debug|Any CPU
		{4331D056-5130-4E93-9318-6B406E4CAF7F}.Debug|x86.Build.0 = Debug|Any CPU
		{4331D056-5130-4E93-9318-6B406E4CAF7F}.Deploy|Any CPU.ActiveCfg = Debug|x64
		{4331D056-5130-4E93-9318-6B406E4CAF7F}.Deploy|Mixed Platforms.ActiveCfg = Debug|x64
		{4331D056-5130-4E93-9318-6B406E4CAF7F}.Deploy|Mixed Platforms.Build.0 = Debug|x64
		{4331D056-5130-4E93-9318-6B406E4CAF7F}.Deploy|Win32.ActiveCfg = Debug|x64
		{4331D056-5130-4E93-9318-6B406E4CAF7F}.Deploy|x64.ActiveCfg = Debug|x64
		{4331D056-5130-4E93-9318-6B406E4CAF7F}.Deploy|x64.Build.0 = Debug|x64
		{4331D056-5130-4E93-9318-6B406E4CAF7F}.Deploy|x86.ActiveCfg = Debug|x64
		{4331D056-5130-4E93-9318-6B406E4CAF7F}.Release|Any CPU.ActiveCfg = Release|Any CPU
		{4331D056-5130-4E93-9318-6B406E4CAF7F}.Release|Any CPU.Build.0 = Release|Any CPU
		{4331D056-5130-4E93-9318-6B406E4CAF7F}.Release|Mixed Platforms.ActiveCfg = Release|x64
		{4331D056-5130-4E93-9318-6B406E4CAF7F}.Release|Mixed Platforms.Build.0 = Release|x64
		{4331D056-5130-4E93-9318-6B406E4CAF7F}.Release|Win32.ActiveCfg = Release|Any CPU
		{4331D056-5130-4E93-9318-6B406E4CAF7F}.Release|Win32.Build.0 = Release|Any CPU
		{4331D056-5130-4E93-9318-6B406E4CAF7F}.Release|x64.ActiveCfg = Release|x64
		{4331D056-5130-4E93-9318-6B406E4CAF7F}.Release|x64.Build.0 = Release|x64
		{4331D056-5130-4E93-9318-6B406E4CAF7F}.Release|x86.ActiveCfg = Release|Any CPU
		{4331D056-5130-4E93-9318-6B406E4CAF7F}.Release|x86.Build.0 = Release|Any CPU
		{5C5513D3-6995-43C9-AA66-A8C729AE90F7}.Debug|Any CPU.ActiveCfg = Debug|Any CPU
		{5C5513D3-6995-43C9-AA66-A8C729AE90F7}.Debug|Any CPU.Build.0 = Debug|Any CPU
		{5C5513D3-6995-43C9-AA66-A8C729AE90F7}.Debug|Mixed Platforms.ActiveCfg = Debug|x64
		{5C5513D3-6995-43C9-AA66-A8C729AE90F7}.Debug|Mixed Platforms.Build.0 = Debug|x64
		{5C5513D3-6995-43C9-AA66-A8C729AE90F7}.Debug|Win32.ActiveCfg = Debug|Any CPU
		{5C5513D3-6995-43C9-AA66-A8C729AE90F7}.Debug|Win32.Build.0 = Debug|Any CPU
		{5C5513D3-6995-43C9-AA66-A8C729AE90F7}.Debug|x64.ActiveCfg = Debug|x64
		{5C5513D3-6995-43C9-AA66-A8C729AE90F7}.Debug|x64.Build.0 = Debug|x64
		{5C5513D3-6995-43C9-AA66-A8C729AE90F7}.Debug|x86.ActiveCfg = Debug|Any CPU
		{5C5513D3-6995-43C9-AA66-A8C729AE90F7}.Debug|x86.Build.0 = Debug|Any CPU
		{5C5513D3-6995-43C9-AA66-A8C729AE90F7}.Deploy|Any CPU.ActiveCfg = Debug|x64
		{5C5513D3-6995-43C9-AA66-A8C729AE90F7}.Deploy|Mixed Platforms.ActiveCfg = Debug|x64
		{5C5513D3-6995-43C9-AA66-A8C729AE90F7}.Deploy|Mixed Platforms.Build.0 = Debug|x64
		{5C5513D3-6995-43C9-AA66-A8C729AE90F7}.Deploy|Win32.ActiveCfg = Debug|x64
		{5C5513D3-6995-43C9-AA66-A8C729AE90F7}.Deploy|x64.ActiveCfg = Debug|x64
		{5C5513D3-6995-43C9-AA66-A8C729AE90F7}.Deploy|x64.Build.0 = Debug|x64
		{5C5513D3-6995-43C9-AA66-A8C729AE90F7}.Deploy|x86.ActiveCfg = Debug|x64
		{5C5513D3-6995-43C9-AA66-A8C729AE90F7}.Release|Any CPU.ActiveCfg = Release|Any CPU
		{5C5513D3-6995-43C9-AA66-A8C729AE90F7}.Release|Any CPU.Build.0 = Release|Any CPU
		{5C5513D3-6995-43C9-AA66-A8C729AE90F7}.Release|Mixed Platforms.ActiveCfg = Release|x64
		{5C5513D3-6995-43C9-AA66-A8C729AE90F7}.Release|Mixed Platforms.Build.0 = Release|x64
		{5C5513D3-6995-43C9-AA66-A8C729AE90F7}.Release|Win32.ActiveCfg = Release|Any CPU
		{5C5513D3-6995-43C9-AA66-A8C729AE90F7}.Release|Win32.Build.0 = Release|Any CPU
		{5C5513D3-6995-43C9-AA66-A8C729AE90F7}.Release|x64.ActiveCfg = Release|x64
		{5C5513D3-6995-43C9-AA66-A8C729AE90F7}.Release|x64.Build.0 = Release|x64
		{5C5513D3-6995-43C9-AA66-A8C729AE90F7}.Release|x86.ActiveCfg = Release|Any CPU
		{5C5513D3-6995-43C9-AA66-A8C729AE90F7}.Release|x86.Build.0 = Release|Any CPU
		{7D766853-DA65-499C-A6FD-9CE8F1338CCB}.Debug|Any CPU.ActiveCfg = Debug|Any CPU
		{7D766853-DA65-499C-A6FD-9CE8F1338CCB}.Debug|Any CPU.Build.0 = Debug|Any CPU
		{7D766853-DA65-499C-A6FD-9CE8F1338CCB}.Debug|Mixed Platforms.ActiveCfg = Debug|Any CPU
		{7D766853-DA65-499C-A6FD-9CE8F1338CCB}.Debug|Mixed Platforms.Build.0 = Debug|Any CPU
		{7D766853-DA65-499C-A6FD-9CE8F1338CCB}.Debug|Win32.ActiveCfg = Debug|Any CPU
		{7D766853-DA65-499C-A6FD-9CE8F1338CCB}.Debug|Win32.Build.0 = Debug|Any CPU
		{7D766853-DA65-499C-A6FD-9CE8F1338CCB}.Debug|x64.ActiveCfg = Debug|Any CPU
		{7D766853-DA65-499C-A6FD-9CE8F1338CCB}.Debug|x64.Build.0 = Debug|Any CPU
		{7D766853-DA65-499C-A6FD-9CE8F1338CCB}.Debug|x86.ActiveCfg = Debug|Any CPU
		{7D766853-DA65-499C-A6FD-9CE8F1338CCB}.Debug|x86.Build.0 = Debug|Any CPU
		{7D766853-DA65-499C-A6FD-9CE8F1338CCB}.Deploy|Any CPU.ActiveCfg = Debug|Any CPU
		{7D766853-DA65-499C-A6FD-9CE8F1338CCB}.Deploy|Any CPU.Build.0 = Debug|Any CPU
		{7D766853-DA65-499C-A6FD-9CE8F1338CCB}.Deploy|Mixed Platforms.ActiveCfg = Debug|Any CPU
		{7D766853-DA65-499C-A6FD-9CE8F1338CCB}.Deploy|Mixed Platforms.Build.0 = Debug|Any CPU
		{7D766853-DA65-499C-A6FD-9CE8F1338CCB}.Deploy|Win32.ActiveCfg = Debug|Any CPU
		{7D766853-DA65-499C-A6FD-9CE8F1338CCB}.Deploy|x64.ActiveCfg = Debug|Any CPU
		{7D766853-DA65-499C-A6FD-9CE8F1338CCB}.Deploy|x86.ActiveCfg = Debug|Any CPU
		{7D766853-DA65-499C-A6FD-9CE8F1338CCB}.Release|Any CPU.ActiveCfg = Release|Any CPU
		{7D766853-DA65-499C-A6FD-9CE8F1338CCB}.Release|Any CPU.Build.0 = Release|Any CPU
		{7D766853-DA65-499C-A6FD-9CE8F1338CCB}.Release|Mixed Platforms.ActiveCfg = Release|Any CPU
		{7D766853-DA65-499C-A6FD-9CE8F1338CCB}.Release|Mixed Platforms.Build.0 = Release|Any CPU
		{7D766853-DA65-499C-A6FD-9CE8F1338CCB}.Release|Win32.ActiveCfg = Release|Any CPU
		{7D766853-DA65-499C-A6FD-9CE8F1338CCB}.Release|Win32.Build.0 = Release|Any CPU
		{7D766853-DA65-499C-A6FD-9CE8F1338CCB}.Release|x64.ActiveCfg = Release|Any CPU
		{7D766853-DA65-499C-A6FD-9CE8F1338CCB}.Release|x64.Build.0 = Release|Any CPU
		{7D766853-DA65-499C-A6FD-9CE8F1338CCB}.Release|x86.ActiveCfg = Release|Any CPU
		{7D766853-DA65-499C-A6FD-9CE8F1338CCB}.Release|x86.Build.0 = Release|Any CPU
		{1A8649F3-832B-4C8D-9D13-1ED901DD8DCC}.Debug|Any CPU.ActiveCfg = Debug|x64
		{1A8649F3-832B-4C8D-9D13-1ED901DD8DCC}.Debug|Mixed Platforms.ActiveCfg = Debug|x64
		{1A8649F3-832B-4C8D-9D13-1ED901DD8DCC}.Debug|Mixed Platforms.Build.0 = Debug|x64
		{1A8649F3-832B-4C8D-9D13-1ED901DD8DCC}.Debug|Win32.ActiveCfg = Debug|Win32
		{1A8649F3-832B-4C8D-9D13-1ED901DD8DCC}.Debug|Win32.Build.0 = Debug|Win32
		{1A8649F3-832B-4C8D-9D13-1ED901DD8DCC}.Debug|x64.ActiveCfg = Debug|x64
		{1A8649F3-832B-4C8D-9D13-1ED901DD8DCC}.Debug|x64.Build.0 = Debug|x64
		{1A8649F3-832B-4C8D-9D13-1ED901DD8DCC}.Debug|x86.ActiveCfg = Debug|x64
		{1A8649F3-832B-4C8D-9D13-1ED901DD8DCC}.Deploy|Any CPU.ActiveCfg = Debug|x64
		{1A8649F3-832B-4C8D-9D13-1ED901DD8DCC}.Deploy|Mixed Platforms.ActiveCfg = Debug|x64
		{1A8649F3-832B-4C8D-9D13-1ED901DD8DCC}.Deploy|Mixed Platforms.Build.0 = Debug|x64
		{1A8649F3-832B-4C8D-9D13-1ED901DD8DCC}.Deploy|Win32.ActiveCfg = Debug|x64
		{1A8649F3-832B-4C8D-9D13-1ED901DD8DCC}.Deploy|x64.ActiveCfg = Debug|x64
		{1A8649F3-832B-4C8D-9D13-1ED901DD8DCC}.Deploy|x64.Build.0 = Debug|x64
		{1A8649F3-832B-4C8D-9D13-1ED901DD8DCC}.Deploy|x86.ActiveCfg = Debug|x64
		{1A8649F3-832B-4C8D-9D13-1ED901DD8DCC}.Release|Any CPU.ActiveCfg = Release|x64
		{1A8649F3-832B-4C8D-9D13-1ED901DD8DCC}.Release|Mixed Platforms.ActiveCfg = Release|x64
		{1A8649F3-832B-4C8D-9D13-1ED901DD8DCC}.Release|Mixed Platforms.Build.0 = Release|x64
		{1A8649F3-832B-4C8D-9D13-1ED901DD8DCC}.Release|Win32.ActiveCfg = Release|Win32
		{1A8649F3-832B-4C8D-9D13-1ED901DD8DCC}.Release|Win32.Build.0 = Release|Win32
		{1A8649F3-832B-4C8D-9D13-1ED901DD8DCC}.Release|x64.ActiveCfg = Release|x64
		{1A8649F3-832B-4C8D-9D13-1ED901DD8DCC}.Release|x64.Build.0 = Release|x64
		{1A8649F3-832B-4C8D-9D13-1ED901DD8DCC}.Release|x86.ActiveCfg = Release|x64
		{2DFA0B05-429D-4880-AE7F-7BF881E66B13}.Debug|Any CPU.ActiveCfg = Debug|Any CPU
		{2DFA0B05-429D-4880-AE7F-7BF881E66B13}.Debug|Any CPU.Build.0 = Debug|Any CPU
		{2DFA0B05-429D-4880-AE7F-7BF881E66B13}.Debug|Mixed Platforms.ActiveCfg = Debug|Any CPU
		{2DFA0B05-429D-4880-AE7F-7BF881E66B13}.Debug|Mixed Platforms.Build.0 = Debug|Any CPU
		{2DFA0B05-429D-4880-AE7F-7BF881E66B13}.Debug|Win32.ActiveCfg = Debug|Any CPU
		{2DFA0B05-429D-4880-AE7F-7BF881E66B13}.Debug|x64.ActiveCfg = Debug|Any CPU
		{2DFA0B05-429D-4880-AE7F-7BF881E66B13}.Debug|x86.ActiveCfg = Debug|Any CPU
		{2DFA0B05-429D-4880-AE7F-7BF881E66B13}.Deploy|Any CPU.ActiveCfg = Debug|Any CPU
		{2DFA0B05-429D-4880-AE7F-7BF881E66B13}.Deploy|Any CPU.Build.0 = Debug|Any CPU
		{2DFA0B05-429D-4880-AE7F-7BF881E66B13}.Deploy|Mixed Platforms.ActiveCfg = Debug|Any CPU
		{2DFA0B05-429D-4880-AE7F-7BF881E66B13}.Deploy|Mixed Platforms.Build.0 = Debug|Any CPU
		{2DFA0B05-429D-4880-AE7F-7BF881E66B13}.Deploy|Win32.ActiveCfg = Debug|Any CPU
		{2DFA0B05-429D-4880-AE7F-7BF881E66B13}.Deploy|x64.ActiveCfg = Debug|Any CPU
		{2DFA0B05-429D-4880-AE7F-7BF881E66B13}.Deploy|x86.ActiveCfg = Debug|Any CPU
		{2DFA0B05-429D-4880-AE7F-7BF881E66B13}.Release|Any CPU.ActiveCfg = Release|Any CPU
		{2DFA0B05-429D-4880-AE7F-7BF881E66B13}.Release|Any CPU.Build.0 = Release|Any CPU
		{2DFA0B05-429D-4880-AE7F-7BF881E66B13}.Release|Mixed Platforms.ActiveCfg = Release|Any CPU
		{2DFA0B05-429D-4880-AE7F-7BF881E66B13}.Release|Mixed Platforms.Build.0 = Release|Any CPU
		{2DFA0B05-429D-4880-AE7F-7BF881E66B13}.Release|Win32.ActiveCfg = Release|Any CPU
		{2DFA0B05-429D-4880-AE7F-7BF881E66B13}.Release|x64.ActiveCfg = Release|Any CPU
		{2DFA0B05-429D-4880-AE7F-7BF881E66B13}.Release|x86.ActiveCfg = Release|Any CPU
		{75741793-B468-460A-AE3E-058BEA48533B}.Debug|Any CPU.ActiveCfg = Debug|Any CPU
		{75741793-B468-460A-AE3E-058BEA48533B}.Debug|Any CPU.Build.0 = Debug|Any CPU
		{75741793-B468-460A-AE3E-058BEA48533B}.Debug|Mixed Platforms.ActiveCfg = Debug|x64
		{75741793-B468-460A-AE3E-058BEA48533B}.Debug|Mixed Platforms.Build.0 = Debug|x64
		{75741793-B468-460A-AE3E-058BEA48533B}.Debug|Win32.ActiveCfg = Debug|x64
		{75741793-B468-460A-AE3E-058BEA48533B}.Debug|x64.ActiveCfg = Debug|x64
		{75741793-B468-460A-AE3E-058BEA48533B}.Debug|x64.Build.0 = Debug|x64
		{75741793-B468-460A-AE3E-058BEA48533B}.Debug|x86.ActiveCfg = Debug|x86
		{75741793-B468-460A-AE3E-058BEA48533B}.Debug|x86.Build.0 = Debug|x86
		{75741793-B468-460A-AE3E-058BEA48533B}.Deploy|Any CPU.ActiveCfg = Deploy|Any CPU
		{75741793-B468-460A-AE3E-058BEA48533B}.Deploy|Any CPU.Build.0 = Deploy|Any CPU
		{75741793-B468-460A-AE3E-058BEA48533B}.Deploy|Mixed Platforms.ActiveCfg = Deploy|x64
		{75741793-B468-460A-AE3E-058BEA48533B}.Deploy|Mixed Platforms.Build.0 = Deploy|x64
		{75741793-B468-460A-AE3E-058BEA48533B}.Deploy|Win32.ActiveCfg = Deploy|x64
		{75741793-B468-460A-AE3E-058BEA48533B}.Deploy|x64.ActiveCfg = Deploy|x64
		{75741793-B468-460A-AE3E-058BEA48533B}.Deploy|x64.Build.0 = Deploy|x64
		{75741793-B468-460A-AE3E-058BEA48533B}.Deploy|x86.ActiveCfg = Deploy|x86
		{75741793-B468-460A-AE3E-058BEA48533B}.Deploy|x86.Build.0 = Deploy|x86
		{75741793-B468-460A-AE3E-058BEA48533B}.Release|Any CPU.ActiveCfg = Release|Any CPU
		{75741793-B468-460A-AE3E-058BEA48533B}.Release|Any CPU.Build.0 = Release|Any CPU
		{75741793-B468-460A-AE3E-058BEA48533B}.Release|Mixed Platforms.ActiveCfg = Release|x64
		{75741793-B468-460A-AE3E-058BEA48533B}.Release|Mixed Platforms.Build.0 = Release|x64
		{75741793-B468-460A-AE3E-058BEA48533B}.Release|Win32.ActiveCfg = Release|x64
		{75741793-B468-460A-AE3E-058BEA48533B}.Release|x64.ActiveCfg = Release|x64
		{75741793-B468-460A-AE3E-058BEA48533B}.Release|x64.Build.0 = Release|x64
		{75741793-B468-460A-AE3E-058BEA48533B}.Release|x86.ActiveCfg = Release|x86
		{75741793-B468-460A-AE3E-058BEA48533B}.Release|x86.Build.0 = Release|x86
		{599F57F2-51FF-4942-9A33-CECC5B40C77A}.Debug|Any CPU.ActiveCfg = Debug|Any CPU
		{599F57F2-51FF-4942-9A33-CECC5B40C77A}.Debug|Any CPU.Build.0 = Debug|Any CPU
		{599F57F2-51FF-4942-9A33-CECC5B40C77A}.Debug|Mixed Platforms.ActiveCfg = Debug|Any CPU
		{599F57F2-51FF-4942-9A33-CECC5B40C77A}.Debug|Mixed Platforms.Build.0 = Debug|Any CPU
		{599F57F2-51FF-4942-9A33-CECC5B40C77A}.Debug|Win32.ActiveCfg = Debug|Any CPU
		{599F57F2-51FF-4942-9A33-CECC5B40C77A}.Debug|x64.ActiveCfg = Debug|Any CPU
		{599F57F2-51FF-4942-9A33-CECC5B40C77A}.Debug|x86.ActiveCfg = Debug|Any CPU
		{599F57F2-51FF-4942-9A33-CECC5B40C77A}.Deploy|Any CPU.ActiveCfg = Debug|Any CPU
		{599F57F2-51FF-4942-9A33-CECC5B40C77A}.Deploy|Any CPU.Build.0 = Debug|Any CPU
		{599F57F2-51FF-4942-9A33-CECC5B40C77A}.Deploy|Mixed Platforms.ActiveCfg = Debug|Any CPU
		{599F57F2-51FF-4942-9A33-CECC5B40C77A}.Deploy|Mixed Platforms.Build.0 = Debug|Any CPU
		{599F57F2-51FF-4942-9A33-CECC5B40C77A}.Deploy|Win32.ActiveCfg = Debug|Any CPU
		{599F57F2-51FF-4942-9A33-CECC5B40C77A}.Deploy|x64.ActiveCfg = Debug|Any CPU
		{599F57F2-51FF-4942-9A33-CECC5B40C77A}.Deploy|x86.ActiveCfg = Debug|Any CPU
		{599F57F2-51FF-4942-9A33-CECC5B40C77A}.Release|Any CPU.ActiveCfg = Release|Any CPU
		{599F57F2-51FF-4942-9A33-CECC5B40C77A}.Release|Any CPU.Build.0 = Release|Any CPU
		{599F57F2-51FF-4942-9A33-CECC5B40C77A}.Release|Mixed Platforms.ActiveCfg = Release|Any CPU
		{599F57F2-51FF-4942-9A33-CECC5B40C77A}.Release|Mixed Platforms.Build.0 = Release|Any CPU
		{599F57F2-51FF-4942-9A33-CECC5B40C77A}.Release|Win32.ActiveCfg = Release|Any CPU
		{599F57F2-51FF-4942-9A33-CECC5B40C77A}.Release|x64.ActiveCfg = Release|Any CPU
		{599F57F2-51FF-4942-9A33-CECC5B40C77A}.Release|x86.ActiveCfg = Release|Any CPU
		{4BEE4E6A-BF30-478E-9BF0-53062664054C}.Debug|Any CPU.ActiveCfg = Debug|Any CPU
		{4BEE4E6A-BF30-478E-9BF0-53062664054C}.Debug|Any CPU.Build.0 = Debug|Any CPU
		{4BEE4E6A-BF30-478E-9BF0-53062664054C}.Debug|Mixed Platforms.ActiveCfg = Debug|Any CPU
		{4BEE4E6A-BF30-478E-9BF0-53062664054C}.Debug|Mixed Platforms.Build.0 = Debug|Any CPU
		{4BEE4E6A-BF30-478E-9BF0-53062664054C}.Debug|Win32.ActiveCfg = Debug|Any CPU
		{4BEE4E6A-BF30-478E-9BF0-53062664054C}.Debug|x64.ActiveCfg = Debug|Any CPU
		{4BEE4E6A-BF30-478E-9BF0-53062664054C}.Debug|x86.ActiveCfg = Debug|Any CPU
		{4BEE4E6A-BF30-478E-9BF0-53062664054C}.Deploy|Any CPU.ActiveCfg = Debug|Any CPU
		{4BEE4E6A-BF30-478E-9BF0-53062664054C}.Deploy|Any CPU.Build.0 = Debug|Any CPU
		{4BEE4E6A-BF30-478E-9BF0-53062664054C}.Deploy|Mixed Platforms.ActiveCfg = Debug|Any CPU
		{4BEE4E6A-BF30-478E-9BF0-53062664054C}.Deploy|Mixed Platforms.Build.0 = Debug|Any CPU
		{4BEE4E6A-BF30-478E-9BF0-53062664054C}.Deploy|Win32.ActiveCfg = Debug|Any CPU
		{4BEE4E6A-BF30-478E-9BF0-53062664054C}.Deploy|x64.ActiveCfg = Debug|Any CPU
		{4BEE4E6A-BF30-478E-9BF0-53062664054C}.Deploy|x86.ActiveCfg = Debug|Any CPU
		{4BEE4E6A-BF30-478E-9BF0-53062664054C}.Release|Any CPU.ActiveCfg = Release|Any CPU
		{4BEE4E6A-BF30-478E-9BF0-53062664054C}.Release|Any CPU.Build.0 = Release|Any CPU
		{4BEE4E6A-BF30-478E-9BF0-53062664054C}.Release|Mixed Platforms.ActiveCfg = Release|Any CPU
		{4BEE4E6A-BF30-478E-9BF0-53062664054C}.Release|Mixed Platforms.Build.0 = Release|Any CPU
		{4BEE4E6A-BF30-478E-9BF0-53062664054C}.Release|Win32.ActiveCfg = Release|Any CPU
		{4BEE4E6A-BF30-478E-9BF0-53062664054C}.Release|x64.ActiveCfg = Release|Any CPU
		{4BEE4E6A-BF30-478E-9BF0-53062664054C}.Release|x86.ActiveCfg = Release|Any CPU
	EndGlobalSection
	GlobalSection(SolutionProperties) = preSolution
		HideSolutionNode = FALSE
	EndGlobalSection
	GlobalSection(NestedProjects) = preSolution
		{E05934F1-EB24-4B85-B42D-145954297333} = {40F105F4-6BE2-4BC5-9FDC-43AEB3C83257}
		{3C035D25-DB94-41A2-830F-349205B44D6C} = {40F105F4-6BE2-4BC5-9FDC-43AEB3C83257}
		{96D6B431-2895-4C2D-A9B3-2F96655F8C5F} = {40F105F4-6BE2-4BC5-9FDC-43AEB3C83257}
		{9EAF04E0-5DB7-4FBD-A23C-B4C93DA1AE63} = {40F105F4-6BE2-4BC5-9FDC-43AEB3C83257}
		{8EE6155E-AD75-4D62-9E74-945E27565698} = {40F105F4-6BE2-4BC5-9FDC-43AEB3C83257}
		{7D766853-DA65-499C-A6FD-9CE8F1338CCB} = {40F105F4-6BE2-4BC5-9FDC-43AEB3C83257}
		{005F9115-4B6E-4B2E-B34B-EE110328AF2F} = {873ED04F-AD21-4643-9B14-6E3AC68E3380}
		{418EE160-F489-40A9-B108-A2E15F4C33B0} = {873ED04F-AD21-4643-9B14-6E3AC68E3380}
		{95B832D2-E37D-4379-8568-D9296A82DB26} = {873ED04F-AD21-4643-9B14-6E3AC68E3380}
		{D5DC866D-E472-443F-83E4-C01EC15360CF} = {873ED04F-AD21-4643-9B14-6E3AC68E3380}
		{A7168E1C-2A56-44BE-80C3-342B4A0EFC09} = {E05934F1-EB24-4B85-B42D-145954297333}
		{5FADD177-94DA-4D87-A093-AE9ED5E07955} = {E05934F1-EB24-4B85-B42D-145954297333}
		{0E785A6A-A89F-4ECA-8B4B-8904B4E159BE} = {E05934F1-EB24-4B85-B42D-145954297333}
		{FDDB1E6C-4D27-4C59-93B7-46E3DE31A71F} = {E05934F1-EB24-4B85-B42D-145954297333}
		{8F1BA59C-4464-4E76-8F9C-A7AF8B1E1D06} = {E05934F1-EB24-4B85-B42D-145954297333}
		{4587A437-9408-44A2-8FE8-6DFC2499A07B} = {E167E915-E47F-4A40-B13C-2CD2ECF0A3F6}
		{1A8649F3-832B-4C8D-9D13-1ED901DD8DCC} = {E167E915-E47F-4A40-B13C-2CD2ECF0A3F6}
		{2DFA0B05-429D-4880-AE7F-7BF881E66B13} = {E167E915-E47F-4A40-B13C-2CD2ECF0A3F6}
		{74FE2ACF-763C-483B-BF5D-673A807F7E17} = {3C035D25-DB94-41A2-830F-349205B44D6C}
		{07B5031F-1EC5-420E-937C-C4D28C5E71B8} = {3C035D25-DB94-41A2-830F-349205B44D6C}
		{5C5513D3-6995-43C9-AA66-A8C729AE90F7} = {3C035D25-DB94-41A2-830F-349205B44D6C}
		{75741793-B468-460A-AE3E-058BEA48533B} = {3C035D25-DB94-41A2-830F-349205B44D6C}
		{919B42A5-AB36-4D9F-91BF-BB6D88117903} = {60E182C6-1040-4736-8288-7188973AF6DB}
		{83C780D4-F1CA-487A-AB8F-4987EE88380B} = {60E182C6-1040-4736-8288-7188973AF6DB}
		{4331D056-5130-4E93-9318-6B406E4CAF7F} = {60E182C6-1040-4736-8288-7188973AF6DB}
		{599F57F2-51FF-4942-9A33-CECC5B40C77A} = {60E182C6-1040-4736-8288-7188973AF6DB}
		{4BEE4E6A-BF30-478E-9BF0-53062664054C} = {60E182C6-1040-4736-8288-7188973AF6DB}
	EndGlobalSection
EndGlobal
